// !$*UTF8*$!
{
	archiveVersion = 1;
	classes = {
	};
	objectVersion = 51;
	objects = {

/* Begin PBXBuildFile section */
		0A1BD3BA268E193E00702EC5 /* PagerTab.swift in Sources */ = {isa = PBXBuildFile; fileRef = 0A1BD3B9268E193E00702EC5 /* PagerTab.swift */; };
		0A1BD3BC268E1C6C00702EC5 /* PagerTabSampleViewController.swift in Sources */ = {isa = PBXBuildFile; fileRef = 0A1BD3BB268E1C6C00702EC5 /* PagerTabSampleViewController.swift */; };
		0A1BD3C0268E1E3D00702EC5 /* PagerTabSampleViewControllerStoryboard.storyboard in Resources */ = {isa = PBXBuildFile; fileRef = 0A1BD3BF268E1E3D00702EC5 /* PagerTabSampleViewControllerStoryboard.storyboard */; };
		0A278237269CAB410001591F /* AnswerView.swift in Sources */ = {isa = PBXBuildFile; fileRef = 0A278236269CAB410001591F /* AnswerView.swift */; };
		0A278239269CAB490001591F /* AnswerView.xib in Resources */ = {isa = PBXBuildFile; fileRef = 0A278238269CAB490001591F /* AnswerView.xib */; };
		0A88A010269493E000A4EBD0 /* PopupView.swift in Sources */ = {isa = PBXBuildFile; fileRef = 0A88A00F269493E000A4EBD0 /* PopupView.swift */; };
		0A88A0122694941F00A4EBD0 /* PopupView.xib in Resources */ = {isa = PBXBuildFile; fileRef = 0A88A0112694941E00A4EBD0 /* PopupView.xib */; };
		0A88A0142694A61800A4EBD0 /* UIApplication+Extension.swift in Sources */ = {isa = PBXBuildFile; fileRef = 0A88A0132694A61800A4EBD0 /* UIApplication+Extension.swift */; };
		0BBB0E3F1275A841053DEF43 /* Pods_DooRiBon.framework in Frameworks */ = {isa = PBXBuildFile; fileRef = 4BD67503EA76B9E8E80971F1 /* Pods_DooRiBon.framework */; };
		392EF94F269183F8008CA532 /* LastTripTableViewCell.swift in Sources */ = {isa = PBXBuildFile; fileRef = 392EF94E269183F8008CA532 /* LastTripTableViewCell.swift */; };
		392EF95126918450008CA532 /* ComeTripCollectionViewCell.swift in Sources */ = {isa = PBXBuildFile; fileRef = 392EF95026918450008CA532 /* ComeTripCollectionViewCell.swift */; };
		393691FA269EB838003348A7 /* WithPopupView.xib in Resources */ = {isa = PBXBuildFile; fileRef = 393691F9269EB838003348A7 /* WithPopupView.xib */; };
		393691FC269EB84D003348A7 /* WithPopupView.swift in Sources */ = {isa = PBXBuildFile; fileRef = 393691FB269EB84D003348A7 /* WithPopupView.swift */; };
		393691FF269EBFF6003348A7 /* MemberPopupCollectionViewCell.swift in Sources */ = {isa = PBXBuildFile; fileRef = 393691FD269EBFF6003348A7 /* MemberPopupCollectionViewCell.swift */; };
		39369200269EBFF6003348A7 /* MemberPopupCollectionViewCell.xib in Resources */ = {isa = PBXBuildFile; fileRef = 393691FE269EBFF6003348A7 /* MemberPopupCollectionViewCell.xib */; };
		39369205269EC6FB003348A7 /* MemberPopupDataModel.swift in Sources */ = {isa = PBXBuildFile; fileRef = 39369204269EC6FB003348A7 /* MemberPopupDataModel.swift */; };
		3975958D269B569D008E8360 /* StyleQuestionViewController.swift in Sources */ = {isa = PBXBuildFile; fileRef = 3975958C269B569D008E8360 /* StyleQuestionViewController.swift */; };
		3975958F269B56A9008E8360 /* StyleQuestionStoryboard.storyboard in Resources */ = {isa = PBXBuildFile; fileRef = 3975958E269B56A9008E8360 /* StyleQuestionStoryboard.storyboard */; };
		3976DFB6269D5AEC00062059 /* MainDataModel.swift in Sources */ = {isa = PBXBuildFile; fileRef = 3976DFB5269D5AEC00062059 /* MainDataModel.swift */; };
		3976DFB8269D5BF400062059 /* GetMainDataService.swift in Sources */ = {isa = PBXBuildFile; fileRef = 3976DFB7269D5BF400062059 /* GetMainDataService.swift */; };
		39865B36268F7DF700961BF4 /* CALayer+Extension.swift in Sources */ = {isa = PBXBuildFile; fileRef = 39865B35268F7DF700961BF4 /* CALayer+Extension.swift */; };
		399C700A269B27840017069C /* QuestionCell.swift in Sources */ = {isa = PBXBuildFile; fileRef = 399C7007269B27840017069C /* QuestionCell.swift */; };
		399C700B269B27840017069C /* TakeLookViewController.swift in Sources */ = {isa = PBXBuildFile; fileRef = 399C7008269B27840017069C /* TakeLookViewController.swift */; };
		399C700C269B27840017069C /* QuestionCell.xib in Resources */ = {isa = PBXBuildFile; fileRef = 399C7009269B27840017069C /* QuestionCell.xib */; };
		399C7010269B27C80017069C /* styleQuestionListDataModel.swift in Sources */ = {isa = PBXBuildFile; fileRef = 399C700F269B27C80017069C /* styleQuestionListDataModel.swift */; };
		399C7012269B27E60017069C /* StyleQuestionTableViewCell.swift in Sources */ = {isa = PBXBuildFile; fileRef = 399C7011269B27E60017069C /* StyleQuestionTableViewCell.swift */; };
		399C7014269B284C0017069C /* TakeLookStoryboard.storyboard in Resources */ = {isa = PBXBuildFile; fileRef = 399C7013269B284C0017069C /* TakeLookStoryboard.storyboard */; };
		399C7016269B28A40017069C /* MemberViewController.swift in Sources */ = {isa = PBXBuildFile; fileRef = 399C7015269B28A40017069C /* MemberViewController.swift */; };
		39E35957269EFF290077B946 /* MemberProfileDataModel.swift in Sources */ = {isa = PBXBuildFile; fileRef = 39E35956269EFF290077B946 /* MemberProfileDataModel.swift */; };
		39E3595A269F00730077B946 /* GetMemberProfileDataService.swift in Sources */ = {isa = PBXBuildFile; fileRef = 39E35959269F00730077B946 /* GetMemberProfileDataService.swift */; };
		39EAC4B22692E0FA00114734 /* StartTripViewController.swift in Sources */ = {isa = PBXBuildFile; fileRef = 39EAC4B02692E0FA00114734 /* StartTripViewController.swift */; };
		39EAC4B32692E0FA00114734 /* StartTripViewController.xib in Resources */ = {isa = PBXBuildFile; fileRef = 39EAC4B12692E0FA00114734 /* StartTripViewController.xib */; };
		39F21BA4269BD83400673511 /* AnswerCollectionViewCell.swift in Sources */ = {isa = PBXBuildFile; fileRef = 39F21BA3269BD83400673511 /* AnswerCollectionViewCell.swift */; };
		39F21BA6269BDB4100673511 /* StyleQuestionDataModel.swift in Sources */ = {isa = PBXBuildFile; fileRef = 39F21BA5269BDB4100673511 /* StyleQuestionDataModel.swift */; };
		39FC9D8F269F6604002E12A5 /* CheckTripViewController.swift in Sources */ = {isa = PBXBuildFile; fileRef = 39FC9D8E269F6604002E12A5 /* CheckTripViewController.swift */; };
		39FC9D91269F6611002E12A5 /* CheckTripStoryboard.storyboard in Resources */ = {isa = PBXBuildFile; fileRef = 39FC9D90269F6611002E12A5 /* CheckTripStoryboard.storyboard */; };
		39FC9D94269F6641002E12A5 /* JoinCompleteViewController.swift in Sources */ = {isa = PBXBuildFile; fileRef = 39FC9D92269F6641002E12A5 /* JoinCompleteViewController.swift */; };
		39FC9D95269F6641002E12A5 /* JoinCompleteViewController.xib in Resources */ = {isa = PBXBuildFile; fileRef = 39FC9D93269F6641002E12A5 /* JoinCompleteViewController.xib */; };
		40076923269EF4C1003C15ED /* MemberNaigationViewController.swift in Sources */ = {isa = PBXBuildFile; fileRef = 40076922269EF4C1003C15ED /* MemberNaigationViewController.swift */; };
		40076925269EF7B8003C15ED /* BoardNavigationViewController.swift in Sources */ = {isa = PBXBuildFile; fileRef = 40076924269EF7B8003C15ED /* BoardNavigationViewController.swift */; };
		40076927269EF96A003C15ED /* PlanNavigationViewController.swift in Sources */ = {isa = PBXBuildFile; fileRef = 40076926269EF96A003C15ED /* PlanNavigationViewController.swift */; };
		40253C8C269DAF220045620F /* AddTripImageService.swift in Sources */ = {isa = PBXBuildFile; fileRef = 40253C8B269DAF220045620F /* AddTripImageService.swift */; };
		40253C8E269DAFFF0045620F /* AddTripImageDateModel.swift in Sources */ = {isa = PBXBuildFile; fileRef = 40253C8D269DAFFF0045620F /* AddTripImageDateModel.swift */; };
		40253C90269DB7250045620F /* UIImage+Extension.swift in Sources */ = {isa = PBXBuildFile; fileRef = 40253C8F269DB7250045620F /* UIImage+Extension.swift */; };
		40299CBB269B66D500A4C9B6 /* StyleTestResultStoryboard.storyboard in Resources */ = {isa = PBXBuildFile; fileRef = 40299CBA269B66D500A4C9B6 /* StyleTestResultStoryboard.storyboard */; };
		40299CBD269B66E400A4C9B6 /* StyleTestResultViewController.swift in Sources */ = {isa = PBXBuildFile; fileRef = 40299CBC269B66E400A4C9B6 /* StyleTestResultViewController.swift */; };
		402E5203269DD62300635B41 /* AddTripPlanDataModel.swift in Sources */ = {isa = PBXBuildFile; fileRef = 402E5202269DD62300635B41 /* AddTripPlanDataModel.swift */; };
		402E5205269DD67500635B41 /* AddTripPlanService.swift in Sources */ = {isa = PBXBuildFile; fileRef = 402E5204269DD67500635B41 /* AddTripPlanService.swift */; };
		40320989269F2F76003DCB8A /* StyleResultDataModel.swift in Sources */ = {isa = PBXBuildFile; fileRef = 40320988269F2F76003DCB8A /* StyleResultDataModel.swift */; };
		4032098B269F2FB1003DCB8A /* StyleResultService.swift in Sources */ = {isa = PBXBuildFile; fileRef = 4032098A269F2FB1003DCB8A /* StyleResultService.swift */; };
		4057E82E269F0DAA00DE024D /* StyleTestService.swift in Sources */ = {isa = PBXBuildFile; fileRef = 4057E82D269F0DAA00DE024D /* StyleTestService.swift */; };
		4073BC6526986A9B00C5C7B0 /* MemberOurStoryboard.storyboard in Resources */ = {isa = PBXBuildFile; fileRef = 4073BC6426986A9B00C5C7B0 /* MemberOurStoryboard.storyboard */; };
		4073BC6726986B9600C5C7B0 /* MemberOurViewController.swift in Sources */ = {isa = PBXBuildFile; fileRef = 4073BC6626986B9600C5C7B0 /* MemberOurViewController.swift */; };
		4073BC6C26986FDA00C5C7B0 /* MemberOurTableViewModel.swift in Sources */ = {isa = PBXBuildFile; fileRef = 4073BC6B26986FDA00C5C7B0 /* MemberOurTableViewModel.swift */; };
		4073BC6E26986FEC00C5C7B0 /* MemberOurTableViewCell.swift in Sources */ = {isa = PBXBuildFile; fileRef = 4073BC6D26986FEC00C5C7B0 /* MemberOurTableViewCell.swift */; };
		407E640A269A139E007C8081 /* MemberStart.xib in Resources */ = {isa = PBXBuildFile; fileRef = 407E6409269A139E007C8081 /* MemberStart.xib */; };
		407E640E269A1769007C8081 /* MemberCodeCopy.xib in Resources */ = {isa = PBXBuildFile; fileRef = 407E640D269A1769007C8081 /* MemberCodeCopy.xib */; };
		408D1ADF26957D8F00BBC454 /* CalendarCell.swift in Sources */ = {isa = PBXBuildFile; fileRef = 408D1ADE26957D8F00BBC454 /* CalendarCell.swift */; };
		4091C6392692265E009EDB60 /* AddTripPlanStoryboard.storyboard in Resources */ = {isa = PBXBuildFile; fileRef = 4091C6382692265E009EDB60 /* AddTripPlanStoryboard.storyboard */; };
		4091C63B2692266A009EDB60 /* AddTripPlanViewController.swift in Sources */ = {isa = PBXBuildFile; fileRef = 4091C63A2692266A009EDB60 /* AddTripPlanViewController.swift */; };
		4095558C2695718D00130ACB /* AddDateStoryboard.storyboard in Resources */ = {isa = PBXBuildFile; fileRef = 4095558B2695718D00130ACB /* AddDateStoryboard.storyboard */; };
		4095558E2695719A00130ACB /* AddDateViewController.swift in Sources */ = {isa = PBXBuildFile; fileRef = 4095558D2695719A00130ACB /* AddDateViewController.swift */; };
		4096A977269D6D0000EBDE56 /* AddTripService.swift in Sources */ = {isa = PBXBuildFile; fileRef = 4096A976269D6D0000EBDE56 /* AddTripService.swift */; };
		4096A979269D6D1600EBDE56 /* AddTripDataModel.swift in Sources */ = {isa = PBXBuildFile; fileRef = 4096A978269D6D1600EBDE56 /* AddTripDataModel.swift */; };
		4097AC92269B0E5700E34CCC /* MemberStartTableViewCell.swift in Sources */ = {isa = PBXBuildFile; fileRef = 4097AC91269B0E5700E34CCC /* MemberStartTableViewCell.swift */; };
		4097AC94269B0F9F00E34CCC /* MemberCodeCopyTableViewCell.swift in Sources */ = {isa = PBXBuildFile; fileRef = 4097AC93269B0F9F00E34CCC /* MemberCodeCopyTableViewCell.swift */; };
		409E26D22699D90E001C5CED /* MemberHeaderView.xib in Resources */ = {isa = PBXBuildFile; fileRef = 409E26D12699D90E001C5CED /* MemberHeaderView.xib */; };
		409E26D42699D91E001C5CED /* MemberHeaderView.swift in Sources */ = {isa = PBXBuildFile; fileRef = 409E26D32699D91E001C5CED /* MemberHeaderView.swift */; };
		40A0EA42269C4596009EDE74 /* NibConstants.swift in Sources */ = {isa = PBXBuildFile; fileRef = 40A0EA41269C4596009EDE74 /* NibConstants.swift */; };
		40AE782A268F7FED0058806B /* PhotoCollectionViewCell.swift in Sources */ = {isa = PBXBuildFile; fileRef = 40AE7828268F7FED0058806B /* PhotoCollectionViewCell.swift */; };
		40AE782B268F7FED0058806B /* PhotoCollectionViewCell.xib in Resources */ = {isa = PBXBuildFile; fileRef = 40AE7829268F7FED0058806B /* PhotoCollectionViewCell.xib */; };
		40AE782E268F81E20058806B /* PhotoCollectionViewModel.swift in Sources */ = {isa = PBXBuildFile; fileRef = 40AE782D268F81E20058806B /* PhotoCollectionViewModel.swift */; };
		40B5A090268EE2E500A89875 /* AddTripStoryboard.storyboard in Resources */ = {isa = PBXBuildFile; fileRef = 40B5A08F268EE2E500A89875 /* AddTripStoryboard.storyboard */; };
		40B5A092268EE35100A89875 /* AddTripViewController.swift in Sources */ = {isa = PBXBuildFile; fileRef = 40B5A091268EE35100A89875 /* AddTripViewController.swift */; };
		40EBD31F269F44FF00DFC057 /* EditTripDataModel.swift in Sources */ = {isa = PBXBuildFile; fileRef = 40EBD31E269F44FF00DFC057 /* EditTripDataModel.swift */; };
		40EBD321269F455400DFC057 /* EditTripService.swift in Sources */ = {isa = PBXBuildFile; fileRef = 40EBD320269F455400DFC057 /* EditTripService.swift */; };
		40EBD324269F5D9600DFC057 /* TripInfoDataModel.swift in Sources */ = {isa = PBXBuildFile; fileRef = 40EBD323269F5D9600DFC057 /* TripInfoDataModel.swift */; };
		40EBD327269F5DFB00DFC057 /* TripInformService.swift in Sources */ = {isa = PBXBuildFile; fileRef = 40EBD326269F5DFB00DFC057 /* TripInformService.swift */; };
		BD0AD60E269361D50033DAD8 /* TripStoryboard.storyboard in Resources */ = {isa = PBXBuildFile; fileRef = BD0AD60D269361D50033DAD8 /* TripStoryboard.storyboard */; };
		BD0AD616269363D10033DAD8 /* MemberStoryboard.storyboard in Resources */ = {isa = PBXBuildFile; fileRef = BD0AD615269363D10033DAD8 /* MemberStoryboard.storyboard */; };
		BD0AD618269363D90033DAD8 /* PlanStoryboard.storyboard in Resources */ = {isa = PBXBuildFile; fileRef = BD0AD617269363D90033DAD8 /* PlanStoryboard.storyboard */; };
		BD0AD61A269363E30033DAD8 /* BoardStoryboard.storyboard in Resources */ = {isa = PBXBuildFile; fileRef = BD0AD619269363E30033DAD8 /* BoardStoryboard.storyboard */; };
		BD0AD620269365050033DAD8 /* PlanViewController.swift in Sources */ = {isa = PBXBuildFile; fileRef = BD0AD61F269365050033DAD8 /* PlanViewController.swift */; };
		BD0AD6222693653D0033DAD8 /* BoardViewController.swift in Sources */ = {isa = PBXBuildFile; fileRef = BD0AD6212693653D0033DAD8 /* BoardViewController.swift */; };
		BD0AD62626936A8A0033DAD8 /* TripViewController.swift in Sources */ = {isa = PBXBuildFile; fileRef = BD0AD62526936A8A0033DAD8 /* TripViewController.swift */; };
		BD172595269C14B2000FB89B /* BoardPopupView.swift in Sources */ = {isa = PBXBuildFile; fileRef = BD172594269C14B2000FB89B /* BoardPopupView.swift */; };
		BD172597269C14BE000FB89B /* BoardPopupView.xib in Resources */ = {isa = PBXBuildFile; fileRef = BD172596269C14BE000FB89B /* BoardPopupView.xib */; };
		BD1725C9269CA04F000FB89B /* NetworkResult.swift in Sources */ = {isa = PBXBuildFile; fileRef = BD1725C8269CA04F000FB89B /* NetworkResult.swift */; };
		BD1725CB269CB39F000FB89B /* NetworkInfo.swift in Sources */ = {isa = PBXBuildFile; fileRef = BD1725CA269CB39F000FB89B /* NetworkInfo.swift */; };
		BD1725D5269D77CE000FB89B /* JoinTripDataModel.swift in Sources */ = {isa = PBXBuildFile; fileRef = BD1725D4269D77CE000FB89B /* JoinTripDataModel.swift */; };
		BD1725D7269D78F7000FB89B /* JoinTripDataService.swift in Sources */ = {isa = PBXBuildFile; fileRef = BD1725D6269D78F7000FB89B /* JoinTripDataService.swift */; };
		BD39D4FC268DE80D004714B6 /* SpoqaHanSansNeo-Regular.ttf in Resources */ = {isa = PBXBuildFile; fileRef = BD39D4F7268DE80D004714B6 /* SpoqaHanSansNeo-Regular.ttf */; };
		BD39D4FD268DE80D004714B6 /* SpoqaHanSansNeo-Medium.ttf in Resources */ = {isa = PBXBuildFile; fileRef = BD39D4F8268DE80D004714B6 /* SpoqaHanSansNeo-Medium.ttf */; };
		BD39D4FE268DE80D004714B6 /* SpoqaHanSansNeo-Thin.ttf in Resources */ = {isa = PBXBuildFile; fileRef = BD39D4F9268DE80D004714B6 /* SpoqaHanSansNeo-Thin.ttf */; };
		BD39D4FF268DE80D004714B6 /* SpoqaHanSansNeo-Bold.ttf in Resources */ = {isa = PBXBuildFile; fileRef = BD39D4FA268DE80D004714B6 /* SpoqaHanSansNeo-Bold.ttf */; };
		BD39D500268DE80D004714B6 /* SpoqaHanSansNeo-Light.ttf in Resources */ = {isa = PBXBuildFile; fileRef = BD39D4FB268DE80D004714B6 /* SpoqaHanSansNeo-Light.ttf */; };
		BD4EF4912691CB8300A6362D /* CodeTextField.swift in Sources */ = {isa = PBXBuildFile; fileRef = BD4EF4902691CB8300A6362D /* CodeTextField.swift */; };
		BD55F43F26919C17004E7114 /* JoinTripStoryboard.storyboard in Resources */ = {isa = PBXBuildFile; fileRef = BD55F43E26919C17004E7114 /* JoinTripStoryboard.storyboard */; };
		BD55F44126919C2B004E7114 /* JoinTripViewController.swift in Sources */ = {isa = PBXBuildFile; fileRef = BD55F44026919C2B004E7114 /* JoinTripViewController.swift */; };
		BD5B425E2695ABBE0002A290 /* PlanDataTableViewCell.swift in Sources */ = {isa = PBXBuildFile; fileRef = BD5B425C2695ABBE0002A290 /* PlanDataTableViewCell.swift */; };
		BD5B425F2695ABBE0002A290 /* PlanDataTableViewCell.xib in Resources */ = {isa = PBXBuildFile; fileRef = BD5B425D2695ABBE0002A290 /* PlanDataTableViewCell.xib */; };
		BD5CBC432694961C00935E79 /* DateCollectionViewCell.swift in Sources */ = {isa = PBXBuildFile; fileRef = BD5CBC412694961C00935E79 /* DateCollectionViewCell.swift */; };
		BD5CBC442694961C00935E79 /* DateCollectionViewCell.xib in Resources */ = {isa = PBXBuildFile; fileRef = BD5CBC422694961C00935E79 /* DateCollectionViewCell.xib */; };
		BD5EEC8F269848D800D09B11 /* TripTopView.swift in Sources */ = {isa = PBXBuildFile; fileRef = BD5EEC8D269848D800D09B11 /* TripTopView.swift */; };
		BD5EEC90269848D800D09B11 /* TripTopView.xib in Resources */ = {isa = PBXBuildFile; fileRef = BD5EEC8E269848D800D09B11 /* TripTopView.xib */; };
		BD5EEC9426986AB100D09B11 /* BoardNoDataTableViewCell.swift in Sources */ = {isa = PBXBuildFile; fileRef = BD5EEC9226986AB100D09B11 /* BoardNoDataTableViewCell.swift */; };
		BD5EEC9526986AB100D09B11 /* BoardNoDataTableViewCell.xib in Resources */ = {isa = PBXBuildFile; fileRef = BD5EEC9326986AB100D09B11 /* BoardNoDataTableViewCell.xib */; };
		BD6074B5269DF8AD00CA62F3 /* AddBoardRequest.swift in Sources */ = {isa = PBXBuildFile; fileRef = BD6074B4269DF8AD00CA62F3 /* AddBoardRequest.swift */; };
		BD6074B7269DF92700CA62F3 /* BoardResponse.swift in Sources */ = {isa = PBXBuildFile; fileRef = BD6074B6269DF92700CA62F3 /* BoardResponse.swift */; };
		BD6074BA269DFA0200CA62F3 /* AddBoardDataService.swift in Sources */ = {isa = PBXBuildFile; fileRef = BD6074B9269DFA0200CA62F3 /* AddBoardDataService.swift */; };
		BD6074BC269E015E00CA62F3 /* BoardSectionHeaderView.swift in Sources */ = {isa = PBXBuildFile; fileRef = BD6074BB269E015E00CA62F3 /* BoardSectionHeaderView.swift */; };
		BD6074C0269E019C00CA62F3 /* BoardSectionHeaderView.xib in Resources */ = {isa = PBXBuildFile; fileRef = BD6074BF269E019C00CA62F3 /* BoardSectionHeaderView.xib */; };
		BD6074D1269ED71600CA62F3 /* TripPlanDataModel.swift in Sources */ = {isa = PBXBuildFile; fileRef = BD6074D0269ED71600CA62F3 /* TripPlanDataModel.swift */; };
		BD6074D4269ED7B900CA62F3 /* TripPlanDataService.swift in Sources */ = {isa = PBXBuildFile; fileRef = BD6074D3269ED7B900CA62F3 /* TripPlanDataService.swift */; };
		BD6074D9269F2C3900CA62F3 /* BottomSheetView.xib in Resources */ = {isa = PBXBuildFile; fileRef = BD6074D8269F2C3900CA62F3 /* BottomSheetView.xib */; };
		BD6074DB269F2C4100CA62F3 /* BottomSheetView.swift in Sources */ = {isa = PBXBuildFile; fileRef = BD6074DA269F2C4100CA62F3 /* BottomSheetView.swift */; };
		BD6074DD269F6DE800CA62F3 /* ScheduleDataModel.swift in Sources */ = {isa = PBXBuildFile; fileRef = BD6074DC269F6DE800CA62F3 /* ScheduleDataModel.swift */; };
		BD6074E1269F6ED700CA62F3 /* ScheduleDataService.swift in Sources */ = {isa = PBXBuildFile; fileRef = BD6074E0269F6ED700CA62F3 /* ScheduleDataService.swift */; };
		BD6074EB26A04EFE00CA62F3 /* logo_animation.json in Resources */ = {isa = PBXBuildFile; fileRef = BD6074EA26A04EFE00CA62F3 /* logo_animation.json */; };
		BD6074ED26A0517700CA62F3 /* SplashViewController.swift in Sources */ = {isa = PBXBuildFile; fileRef = BD6074EC26A0517700CA62F3 /* SplashViewController.swift */; };
		BD75C2C8268B4B3800C4F233 /* AppDelegate.swift in Sources */ = {isa = PBXBuildFile; fileRef = BD75C2C7268B4B3800C4F233 /* AppDelegate.swift */; };
		BD75C2CA268B4B3800C4F233 /* SceneDelegate.swift in Sources */ = {isa = PBXBuildFile; fileRef = BD75C2C9268B4B3800C4F233 /* SceneDelegate.swift */; };
		BD75C2D1268B4B3900C4F233 /* Assets.xcassets in Resources */ = {isa = PBXBuildFile; fileRef = BD75C2D0268B4B3900C4F233 /* Assets.xcassets */; };
		BD75C2D4268B4B3900C4F233 /* LaunchScreen.storyboard in Resources */ = {isa = PBXBuildFile; fileRef = BD75C2D2268B4B3900C4F233 /* LaunchScreen.storyboard */; };
		BD75C2E5268B52AD00C4F233 /* MainStoryboard.storyboard in Resources */ = {isa = PBXBuildFile; fileRef = BD75C2E4268B52AD00C4F233 /* MainStoryboard.storyboard */; };
		BD75C2E7268B52BD00C4F233 /* MainViewController.swift in Sources */ = {isa = PBXBuildFile; fileRef = BD75C2E6268B52BD00C4F233 /* MainViewController.swift */; };
		BD75C2E9268B575E00C4F233 /* Device.swift in Sources */ = {isa = PBXBuildFile; fileRef = BD75C2E8268B575E00C4F233 /* Device.swift */; };
		BD75C2F6268B58AD00C4F233 /* ViewEmpty.swift in Sources */ = {isa = PBXBuildFile; fileRef = BD75C2F5268B58AD00C4F233 /* ViewEmpty.swift */; };
		BD75C2F8268B58B500C4F233 /* ProtocolEmpty.swift in Sources */ = {isa = PBXBuildFile; fileRef = BD75C2F7268B58B500C4F233 /* ProtocolEmpty.swift */; };
		BD75C2FA268B58E000C4F233 /* APIConstants.swift in Sources */ = {isa = PBXBuildFile; fileRef = BD75C2F9268B58E000C4F233 /* APIConstants.swift */; };
		BD75C300268B5BA800C4F233 /* UIFont+Extension.swift in Sources */ = {isa = PBXBuildFile; fileRef = BD75C2FF268B5BA800C4F233 /* UIFont+Extension.swift */; };
		BD75C302268B5BDF00C4F233 /* FontEmpty.swift in Sources */ = {isa = PBXBuildFile; fileRef = BD75C301268B5BDF00C4F233 /* FontEmpty.swift */; };
		BD75C304268B5C7300C4F233 /* UIView+Extension.swift in Sources */ = {isa = PBXBuildFile; fileRef = BD75C303268B5C7300C4F233 /* UIView+Extension.swift */; };
		BD7B4C7E2697253C00DCCA03 /* ToastView.swift in Sources */ = {isa = PBXBuildFile; fileRef = BD7B4C7D2697253C00DCCA03 /* ToastView.swift */; };
		BD7B4C802697254300DCCA03 /* ToastView.xib in Resources */ = {isa = PBXBuildFile; fileRef = BD7B4C7F2697254300DCCA03 /* ToastView.xib */; };
		BDA5626926994E2100616CBF /* DummyDataModel.swift in Sources */ = {isa = PBXBuildFile; fileRef = BDA5626826994E2000616CBF /* DummyDataModel.swift */; };
		BDA5626C2699962B00616CBF /* BoardTableViewCell.swift in Sources */ = {isa = PBXBuildFile; fileRef = BDA5626A2699962B00616CBF /* BoardTableViewCell.swift */; };
		BDA5626D2699962B00616CBF /* BoardTableViewCell.xib in Resources */ = {isa = PBXBuildFile; fileRef = BDA5626B2699962B00616CBF /* BoardTableViewCell.xib */; };
		BDCC36772695C61C009AE274 /* PlanDataHeaderView.swift in Sources */ = {isa = PBXBuildFile; fileRef = BDCC36762695C61C009AE274 /* PlanDataHeaderView.swift */; };
		BDCC36792695C627009AE274 /* PlanDataHeaderView.xib in Resources */ = {isa = PBXBuildFile; fileRef = BDCC36782695C627009AE274 /* PlanDataHeaderView.xib */; };
		BDCC367C2695DA66009AE274 /* PlanDataModel.swift in Sources */ = {isa = PBXBuildFile; fileRef = BDCC367B2695DA66009AE274 /* PlanDataModel.swift */; };
		BDCC367F2695DEAA009AE274 /* NoDataTableViewCell.swift in Sources */ = {isa = PBXBuildFile; fileRef = BDCC367D2695DEAA009AE274 /* NoDataTableViewCell.swift */; };
		BDCC36802695DEAA009AE274 /* NoDataTableViewCell.xib in Resources */ = {isa = PBXBuildFile; fileRef = BDCC367E2695DEAA009AE274 /* NoDataTableViewCell.xib */; };
		BDF1C11A268E287900C82CF6 /* Colors.xcassets in Resources */ = {isa = PBXBuildFile; fileRef = BDF1C119268E287900C82CF6 /* Colors.xcassets */; };
		BDF1C11F268E318C00C82CF6 /* ColorConstants.swift in Sources */ = {isa = PBXBuildFile; fileRef = BDF1C11E268E318C00C82CF6 /* ColorConstants.swift */; };
/* End PBXBuildFile section */

/* Begin PBXFileReference section */
		0A1BD3B9268E193E00702EC5 /* PagerTab.swift */ = {isa = PBXFileReference; lastKnownFileType = sourcecode.swift; path = PagerTab.swift; sourceTree = "<group>"; };
		0A1BD3BB268E1C6C00702EC5 /* PagerTabSampleViewController.swift */ = {isa = PBXFileReference; lastKnownFileType = sourcecode.swift; path = PagerTabSampleViewController.swift; sourceTree = "<group>"; };
		0A1BD3BF268E1E3D00702EC5 /* PagerTabSampleViewControllerStoryboard.storyboard */ = {isa = PBXFileReference; lastKnownFileType = file.storyboard; path = PagerTabSampleViewControllerStoryboard.storyboard; sourceTree = "<group>"; };
		0A278236269CAB410001591F /* AnswerView.swift */ = {isa = PBXFileReference; lastKnownFileType = sourcecode.swift; path = AnswerView.swift; sourceTree = "<group>"; };
		0A278238269CAB490001591F /* AnswerView.xib */ = {isa = PBXFileReference; lastKnownFileType = file.xib; path = AnswerView.xib; sourceTree = "<group>"; };
		0A88A00F269493E000A4EBD0 /* PopupView.swift */ = {isa = PBXFileReference; lastKnownFileType = sourcecode.swift; path = PopupView.swift; sourceTree = "<group>"; };
		0A88A0112694941E00A4EBD0 /* PopupView.xib */ = {isa = PBXFileReference; fileEncoding = 4; lastKnownFileType = file.xib; path = PopupView.xib; sourceTree = "<group>"; };
		0A88A0132694A61800A4EBD0 /* UIApplication+Extension.swift */ = {isa = PBXFileReference; lastKnownFileType = sourcecode.swift; path = "UIApplication+Extension.swift"; sourceTree = "<group>"; };
		37539EC5FA070D675C5829FF /* Pods-DooRiBon.debug.xcconfig */ = {isa = PBXFileReference; includeInIndex = 1; lastKnownFileType = text.xcconfig; name = "Pods-DooRiBon.debug.xcconfig"; path = "Target Support Files/Pods-DooRiBon/Pods-DooRiBon.debug.xcconfig"; sourceTree = "<group>"; };
		392EF94E269183F8008CA532 /* LastTripTableViewCell.swift */ = {isa = PBXFileReference; lastKnownFileType = sourcecode.swift; path = LastTripTableViewCell.swift; sourceTree = "<group>"; };
		392EF95026918450008CA532 /* ComeTripCollectionViewCell.swift */ = {isa = PBXFileReference; lastKnownFileType = sourcecode.swift; path = ComeTripCollectionViewCell.swift; sourceTree = "<group>"; };
		393691F9269EB838003348A7 /* WithPopupView.xib */ = {isa = PBXFileReference; lastKnownFileType = file.xib; path = WithPopupView.xib; sourceTree = "<group>"; };
		393691FB269EB84D003348A7 /* WithPopupView.swift */ = {isa = PBXFileReference; lastKnownFileType = sourcecode.swift; path = WithPopupView.swift; sourceTree = "<group>"; };
		393691FD269EBFF6003348A7 /* MemberPopupCollectionViewCell.swift */ = {isa = PBXFileReference; lastKnownFileType = sourcecode.swift; path = MemberPopupCollectionViewCell.swift; sourceTree = "<group>"; };
		393691FE269EBFF6003348A7 /* MemberPopupCollectionViewCell.xib */ = {isa = PBXFileReference; lastKnownFileType = file.xib; path = MemberPopupCollectionViewCell.xib; sourceTree = "<group>"; };
		39369204269EC6FB003348A7 /* MemberPopupDataModel.swift */ = {isa = PBXFileReference; lastKnownFileType = sourcecode.swift; path = MemberPopupDataModel.swift; sourceTree = "<group>"; };
		3975958C269B569D008E8360 /* StyleQuestionViewController.swift */ = {isa = PBXFileReference; lastKnownFileType = sourcecode.swift; path = StyleQuestionViewController.swift; sourceTree = "<group>"; };
		3975958E269B56A9008E8360 /* StyleQuestionStoryboard.storyboard */ = {isa = PBXFileReference; lastKnownFileType = file.storyboard; path = StyleQuestionStoryboard.storyboard; sourceTree = "<group>"; };
		3976DFB5269D5AEC00062059 /* MainDataModel.swift */ = {isa = PBXFileReference; lastKnownFileType = sourcecode.swift; path = MainDataModel.swift; sourceTree = "<group>"; };
		3976DFB7269D5BF400062059 /* GetMainDataService.swift */ = {isa = PBXFileReference; lastKnownFileType = sourcecode.swift; path = GetMainDataService.swift; sourceTree = "<group>"; };
		39865B35268F7DF700961BF4 /* CALayer+Extension.swift */ = {isa = PBXFileReference; lastKnownFileType = sourcecode.swift; path = "CALayer+Extension.swift"; sourceTree = "<group>"; };
		399C7007269B27840017069C /* QuestionCell.swift */ = {isa = PBXFileReference; fileEncoding = 4; lastKnownFileType = sourcecode.swift; path = QuestionCell.swift; sourceTree = "<group>"; };
		399C7008269B27840017069C /* TakeLookViewController.swift */ = {isa = PBXFileReference; fileEncoding = 4; lastKnownFileType = sourcecode.swift; path = TakeLookViewController.swift; sourceTree = "<group>"; };
		399C7009269B27840017069C /* QuestionCell.xib */ = {isa = PBXFileReference; fileEncoding = 4; lastKnownFileType = file.xib; path = QuestionCell.xib; sourceTree = "<group>"; };
		399C700F269B27C80017069C /* styleQuestionListDataModel.swift */ = {isa = PBXFileReference; lastKnownFileType = sourcecode.swift; path = styleQuestionListDataModel.swift; sourceTree = "<group>"; };
		399C7011269B27E60017069C /* StyleQuestionTableViewCell.swift */ = {isa = PBXFileReference; lastKnownFileType = sourcecode.swift; path = StyleQuestionTableViewCell.swift; sourceTree = "<group>"; };
		399C7013269B284C0017069C /* TakeLookStoryboard.storyboard */ = {isa = PBXFileReference; fileEncoding = 4; lastKnownFileType = file.storyboard; path = TakeLookStoryboard.storyboard; sourceTree = "<group>"; };
		399C7015269B28A40017069C /* MemberViewController.swift */ = {isa = PBXFileReference; lastKnownFileType = sourcecode.swift; path = MemberViewController.swift; sourceTree = "<group>"; };
		39D4B5722695FB1100AAA5DB /* TakeLookViewController.swift */ = {isa = PBXFileReference; fileEncoding = 4; lastKnownFileType = sourcecode.swift; name = TakeLookViewController.swift; path = /PagerTab/PagerTab/TakeLookViewController.swift; sourceTree = "<absolute>"; };
		39E35956269EFF290077B946 /* MemberProfileDataModel.swift */ = {isa = PBXFileReference; lastKnownFileType = sourcecode.swift; path = MemberProfileDataModel.swift; sourceTree = "<group>"; };
		39E35959269F00730077B946 /* GetMemberProfileDataService.swift */ = {isa = PBXFileReference; lastKnownFileType = sourcecode.swift; path = GetMemberProfileDataService.swift; sourceTree = "<group>"; };
		39EAC4B02692E0FA00114734 /* StartTripViewController.swift */ = {isa = PBXFileReference; lastKnownFileType = sourcecode.swift; path = StartTripViewController.swift; sourceTree = "<group>"; };
		39EAC4B12692E0FA00114734 /* StartTripViewController.xib */ = {isa = PBXFileReference; lastKnownFileType = file.xib; path = StartTripViewController.xib; sourceTree = "<group>"; };
		39F21BA3269BD83400673511 /* AnswerCollectionViewCell.swift */ = {isa = PBXFileReference; lastKnownFileType = sourcecode.swift; path = AnswerCollectionViewCell.swift; sourceTree = "<group>"; };
		39F21BA5269BDB4100673511 /* StyleQuestionDataModel.swift */ = {isa = PBXFileReference; lastKnownFileType = sourcecode.swift; path = StyleQuestionDataModel.swift; sourceTree = "<group>"; };
		39FC9D8E269F6604002E12A5 /* CheckTripViewController.swift */ = {isa = PBXFileReference; lastKnownFileType = sourcecode.swift; path = CheckTripViewController.swift; sourceTree = "<group>"; };
		39FC9D90269F6611002E12A5 /* CheckTripStoryboard.storyboard */ = {isa = PBXFileReference; lastKnownFileType = file.storyboard; path = CheckTripStoryboard.storyboard; sourceTree = "<group>"; };
		39FC9D92269F6641002E12A5 /* JoinCompleteViewController.swift */ = {isa = PBXFileReference; lastKnownFileType = sourcecode.swift; path = JoinCompleteViewController.swift; sourceTree = "<group>"; };
		39FC9D93269F6641002E12A5 /* JoinCompleteViewController.xib */ = {isa = PBXFileReference; lastKnownFileType = file.xib; path = JoinCompleteViewController.xib; sourceTree = "<group>"; };
		40076922269EF4C1003C15ED /* MemberNaigationViewController.swift */ = {isa = PBXFileReference; lastKnownFileType = sourcecode.swift; path = MemberNaigationViewController.swift; sourceTree = "<group>"; };
		40076924269EF7B8003C15ED /* BoardNavigationViewController.swift */ = {isa = PBXFileReference; lastKnownFileType = sourcecode.swift; path = BoardNavigationViewController.swift; sourceTree = "<group>"; };
		40076926269EF96A003C15ED /* PlanNavigationViewController.swift */ = {isa = PBXFileReference; lastKnownFileType = sourcecode.swift; path = PlanNavigationViewController.swift; sourceTree = "<group>"; };
		40253C8B269DAF220045620F /* AddTripImageService.swift */ = {isa = PBXFileReference; lastKnownFileType = sourcecode.swift; path = AddTripImageService.swift; sourceTree = "<group>"; };
		40253C8D269DAFFF0045620F /* AddTripImageDateModel.swift */ = {isa = PBXFileReference; lastKnownFileType = sourcecode.swift; path = AddTripImageDateModel.swift; sourceTree = "<group>"; };
		40253C8F269DB7250045620F /* UIImage+Extension.swift */ = {isa = PBXFileReference; lastKnownFileType = sourcecode.swift; path = "UIImage+Extension.swift"; sourceTree = "<group>"; };
		40299CBA269B66D500A4C9B6 /* StyleTestResultStoryboard.storyboard */ = {isa = PBXFileReference; lastKnownFileType = file.storyboard; path = StyleTestResultStoryboard.storyboard; sourceTree = "<group>"; };
		40299CBC269B66E400A4C9B6 /* StyleTestResultViewController.swift */ = {isa = PBXFileReference; lastKnownFileType = sourcecode.swift; path = StyleTestResultViewController.swift; sourceTree = "<group>"; };
		402E5202269DD62300635B41 /* AddTripPlanDataModel.swift */ = {isa = PBXFileReference; lastKnownFileType = sourcecode.swift; path = AddTripPlanDataModel.swift; sourceTree = "<group>"; };
		402E5204269DD67500635B41 /* AddTripPlanService.swift */ = {isa = PBXFileReference; lastKnownFileType = sourcecode.swift; path = AddTripPlanService.swift; sourceTree = "<group>"; };
		40320988269F2F76003DCB8A /* StyleResultDataModel.swift */ = {isa = PBXFileReference; lastKnownFileType = sourcecode.swift; path = StyleResultDataModel.swift; sourceTree = "<group>"; };
		4032098A269F2FB1003DCB8A /* StyleResultService.swift */ = {isa = PBXFileReference; lastKnownFileType = sourcecode.swift; path = StyleResultService.swift; sourceTree = "<group>"; };
		4057E82D269F0DAA00DE024D /* StyleTestService.swift */ = {isa = PBXFileReference; lastKnownFileType = sourcecode.swift; path = StyleTestService.swift; sourceTree = "<group>"; };
		4073BC6426986A9B00C5C7B0 /* MemberOurStoryboard.storyboard */ = {isa = PBXFileReference; lastKnownFileType = file.storyboard; path = MemberOurStoryboard.storyboard; sourceTree = "<group>"; };
		4073BC6626986B9600C5C7B0 /* MemberOurViewController.swift */ = {isa = PBXFileReference; lastKnownFileType = sourcecode.swift; path = MemberOurViewController.swift; sourceTree = "<group>"; };
		4073BC6B26986FDA00C5C7B0 /* MemberOurTableViewModel.swift */ = {isa = PBXFileReference; lastKnownFileType = sourcecode.swift; path = MemberOurTableViewModel.swift; sourceTree = "<group>"; };
		4073BC6D26986FEC00C5C7B0 /* MemberOurTableViewCell.swift */ = {isa = PBXFileReference; lastKnownFileType = sourcecode.swift; path = MemberOurTableViewCell.swift; sourceTree = "<group>"; };
		407E6409269A139E007C8081 /* MemberStart.xib */ = {isa = PBXFileReference; lastKnownFileType = file.xib; path = MemberStart.xib; sourceTree = "<group>"; };
		407E640D269A1769007C8081 /* MemberCodeCopy.xib */ = {isa = PBXFileReference; lastKnownFileType = file.xib; path = MemberCodeCopy.xib; sourceTree = "<group>"; };
		408D1ADE26957D8F00BBC454 /* CalendarCell.swift */ = {isa = PBXFileReference; lastKnownFileType = sourcecode.swift; path = CalendarCell.swift; sourceTree = "<group>"; };
		4091C6382692265E009EDB60 /* AddTripPlanStoryboard.storyboard */ = {isa = PBXFileReference; lastKnownFileType = file.storyboard; path = AddTripPlanStoryboard.storyboard; sourceTree = "<group>"; };
		4091C63A2692266A009EDB60 /* AddTripPlanViewController.swift */ = {isa = PBXFileReference; lastKnownFileType = sourcecode.swift; path = AddTripPlanViewController.swift; sourceTree = "<group>"; };
		4095558B2695718D00130ACB /* AddDateStoryboard.storyboard */ = {isa = PBXFileReference; lastKnownFileType = file.storyboard; path = AddDateStoryboard.storyboard; sourceTree = "<group>"; };
		4095558D2695719A00130ACB /* AddDateViewController.swift */ = {isa = PBXFileReference; lastKnownFileType = sourcecode.swift; path = AddDateViewController.swift; sourceTree = "<group>"; };
		4096A976269D6D0000EBDE56 /* AddTripService.swift */ = {isa = PBXFileReference; lastKnownFileType = sourcecode.swift; path = AddTripService.swift; sourceTree = "<group>"; };
		4096A978269D6D1600EBDE56 /* AddTripDataModel.swift */ = {isa = PBXFileReference; lastKnownFileType = sourcecode.swift; path = AddTripDataModel.swift; sourceTree = "<group>"; };
		4097AC91269B0E5700E34CCC /* MemberStartTableViewCell.swift */ = {isa = PBXFileReference; lastKnownFileType = sourcecode.swift; path = MemberStartTableViewCell.swift; sourceTree = "<group>"; };
		4097AC93269B0F9F00E34CCC /* MemberCodeCopyTableViewCell.swift */ = {isa = PBXFileReference; lastKnownFileType = sourcecode.swift; path = MemberCodeCopyTableViewCell.swift; sourceTree = "<group>"; };
		409E26D12699D90E001C5CED /* MemberHeaderView.xib */ = {isa = PBXFileReference; lastKnownFileType = file.xib; path = MemberHeaderView.xib; sourceTree = "<group>"; };
		409E26D32699D91E001C5CED /* MemberHeaderView.swift */ = {isa = PBXFileReference; lastKnownFileType = sourcecode.swift; path = MemberHeaderView.swift; sourceTree = "<group>"; };
		40A0EA41269C4596009EDE74 /* NibConstants.swift */ = {isa = PBXFileReference; lastKnownFileType = sourcecode.swift; path = NibConstants.swift; sourceTree = "<group>"; };
		40AE7828268F7FED0058806B /* PhotoCollectionViewCell.swift */ = {isa = PBXFileReference; lastKnownFileType = sourcecode.swift; path = PhotoCollectionViewCell.swift; sourceTree = "<group>"; };
		40AE7829268F7FED0058806B /* PhotoCollectionViewCell.xib */ = {isa = PBXFileReference; lastKnownFileType = file.xib; path = PhotoCollectionViewCell.xib; sourceTree = "<group>"; };
		40AE782D268F81E20058806B /* PhotoCollectionViewModel.swift */ = {isa = PBXFileReference; lastKnownFileType = sourcecode.swift; path = PhotoCollectionViewModel.swift; sourceTree = "<group>"; };
		40B5A08F268EE2E500A89875 /* AddTripStoryboard.storyboard */ = {isa = PBXFileReference; lastKnownFileType = file.storyboard; path = AddTripStoryboard.storyboard; sourceTree = "<group>"; };
		40B5A091268EE35100A89875 /* AddTripViewController.swift */ = {isa = PBXFileReference; lastKnownFileType = sourcecode.swift; path = AddTripViewController.swift; sourceTree = "<group>"; };
		40EBD31E269F44FF00DFC057 /* EditTripDataModel.swift */ = {isa = PBXFileReference; lastKnownFileType = sourcecode.swift; path = EditTripDataModel.swift; sourceTree = "<group>"; };
		40EBD320269F455400DFC057 /* EditTripService.swift */ = {isa = PBXFileReference; lastKnownFileType = sourcecode.swift; path = EditTripService.swift; sourceTree = "<group>"; };
		40EBD323269F5D9600DFC057 /* TripInfoDataModel.swift */ = {isa = PBXFileReference; lastKnownFileType = sourcecode.swift; path = TripInfoDataModel.swift; sourceTree = "<group>"; };
		40EBD326269F5DFB00DFC057 /* TripInformService.swift */ = {isa = PBXFileReference; lastKnownFileType = sourcecode.swift; path = TripInformService.swift; sourceTree = "<group>"; };
		4BD67503EA76B9E8E80971F1 /* Pods_DooRiBon.framework */ = {isa = PBXFileReference; explicitFileType = wrapper.framework; includeInIndex = 0; path = Pods_DooRiBon.framework; sourceTree = BUILT_PRODUCTS_DIR; };
		865B67CA1EA48E50F6BF455F /* Pods-DooRiBon.release.xcconfig */ = {isa = PBXFileReference; includeInIndex = 1; lastKnownFileType = text.xcconfig; name = "Pods-DooRiBon.release.xcconfig"; path = "Target Support Files/Pods-DooRiBon/Pods-DooRiBon.release.xcconfig"; sourceTree = "<group>"; };
		BD0AD60D269361D50033DAD8 /* TripStoryboard.storyboard */ = {isa = PBXFileReference; lastKnownFileType = file.storyboard; path = TripStoryboard.storyboard; sourceTree = "<group>"; };
		BD0AD615269363D10033DAD8 /* MemberStoryboard.storyboard */ = {isa = PBXFileReference; lastKnownFileType = file.storyboard; path = MemberStoryboard.storyboard; sourceTree = "<group>"; };
		BD0AD617269363D90033DAD8 /* PlanStoryboard.storyboard */ = {isa = PBXFileReference; lastKnownFileType = file.storyboard; path = PlanStoryboard.storyboard; sourceTree = "<group>"; };
		BD0AD619269363E30033DAD8 /* BoardStoryboard.storyboard */ = {isa = PBXFileReference; lastKnownFileType = file.storyboard; path = BoardStoryboard.storyboard; sourceTree = "<group>"; };
		BD0AD61F269365050033DAD8 /* PlanViewController.swift */ = {isa = PBXFileReference; lastKnownFileType = sourcecode.swift; path = PlanViewController.swift; sourceTree = "<group>"; };
		BD0AD6212693653D0033DAD8 /* BoardViewController.swift */ = {isa = PBXFileReference; lastKnownFileType = sourcecode.swift; path = BoardViewController.swift; sourceTree = "<group>"; };
		BD0AD62526936A8A0033DAD8 /* TripViewController.swift */ = {isa = PBXFileReference; lastKnownFileType = sourcecode.swift; path = TripViewController.swift; sourceTree = "<group>"; };
		BD172594269C14B2000FB89B /* BoardPopupView.swift */ = {isa = PBXFileReference; lastKnownFileType = sourcecode.swift; path = BoardPopupView.swift; sourceTree = "<group>"; };
		BD172596269C14BE000FB89B /* BoardPopupView.xib */ = {isa = PBXFileReference; lastKnownFileType = file.xib; path = BoardPopupView.xib; sourceTree = "<group>"; };
		BD1725C8269CA04F000FB89B /* NetworkResult.swift */ = {isa = PBXFileReference; lastKnownFileType = sourcecode.swift; path = NetworkResult.swift; sourceTree = "<group>"; };
		BD1725CA269CB39F000FB89B /* NetworkInfo.swift */ = {isa = PBXFileReference; lastKnownFileType = sourcecode.swift; path = NetworkInfo.swift; sourceTree = "<group>"; };
		BD1725D4269D77CE000FB89B /* JoinTripDataModel.swift */ = {isa = PBXFileReference; lastKnownFileType = sourcecode.swift; path = JoinTripDataModel.swift; sourceTree = "<group>"; };
		BD1725D6269D78F7000FB89B /* JoinTripDataService.swift */ = {isa = PBXFileReference; lastKnownFileType = sourcecode.swift; path = JoinTripDataService.swift; sourceTree = "<group>"; };
		BD39D4F7268DE80D004714B6 /* SpoqaHanSansNeo-Regular.ttf */ = {isa = PBXFileReference; lastKnownFileType = file; path = "SpoqaHanSansNeo-Regular.ttf"; sourceTree = "<group>"; };
		BD39D4F8268DE80D004714B6 /* SpoqaHanSansNeo-Medium.ttf */ = {isa = PBXFileReference; lastKnownFileType = file; path = "SpoqaHanSansNeo-Medium.ttf"; sourceTree = "<group>"; };
		BD39D4F9268DE80D004714B6 /* SpoqaHanSansNeo-Thin.ttf */ = {isa = PBXFileReference; lastKnownFileType = file; path = "SpoqaHanSansNeo-Thin.ttf"; sourceTree = "<group>"; };
		BD39D4FA268DE80D004714B6 /* SpoqaHanSansNeo-Bold.ttf */ = {isa = PBXFileReference; lastKnownFileType = file; path = "SpoqaHanSansNeo-Bold.ttf"; sourceTree = "<group>"; };
		BD39D4FB268DE80D004714B6 /* SpoqaHanSansNeo-Light.ttf */ = {isa = PBXFileReference; lastKnownFileType = file; path = "SpoqaHanSansNeo-Light.ttf"; sourceTree = "<group>"; };
		BD4EF4902691CB8300A6362D /* CodeTextField.swift */ = {isa = PBXFileReference; lastKnownFileType = sourcecode.swift; path = CodeTextField.swift; sourceTree = "<group>"; };
		BD55F43E26919C17004E7114 /* JoinTripStoryboard.storyboard */ = {isa = PBXFileReference; lastKnownFileType = file.storyboard; path = JoinTripStoryboard.storyboard; sourceTree = "<group>"; };
		BD55F44026919C2B004E7114 /* JoinTripViewController.swift */ = {isa = PBXFileReference; lastKnownFileType = sourcecode.swift; path = JoinTripViewController.swift; sourceTree = "<group>"; };
		BD5B425C2695ABBE0002A290 /* PlanDataTableViewCell.swift */ = {isa = PBXFileReference; lastKnownFileType = sourcecode.swift; path = PlanDataTableViewCell.swift; sourceTree = "<group>"; };
		BD5B425D2695ABBE0002A290 /* PlanDataTableViewCell.xib */ = {isa = PBXFileReference; lastKnownFileType = file.xib; path = PlanDataTableViewCell.xib; sourceTree = "<group>"; };
		BD5CBC412694961C00935E79 /* DateCollectionViewCell.swift */ = {isa = PBXFileReference; lastKnownFileType = sourcecode.swift; path = DateCollectionViewCell.swift; sourceTree = "<group>"; };
		BD5CBC422694961C00935E79 /* DateCollectionViewCell.xib */ = {isa = PBXFileReference; lastKnownFileType = file.xib; path = DateCollectionViewCell.xib; sourceTree = "<group>"; };
		BD5EEC8D269848D800D09B11 /* TripTopView.swift */ = {isa = PBXFileReference; fileEncoding = 4; lastKnownFileType = sourcecode.swift; path = TripTopView.swift; sourceTree = "<group>"; };
		BD5EEC8E269848D800D09B11 /* TripTopView.xib */ = {isa = PBXFileReference; fileEncoding = 4; lastKnownFileType = file.xib; path = TripTopView.xib; sourceTree = "<group>"; };
		BD5EEC9226986AB100D09B11 /* BoardNoDataTableViewCell.swift */ = {isa = PBXFileReference; lastKnownFileType = sourcecode.swift; path = BoardNoDataTableViewCell.swift; sourceTree = "<group>"; };
		BD5EEC9326986AB100D09B11 /* BoardNoDataTableViewCell.xib */ = {isa = PBXFileReference; lastKnownFileType = file.xib; path = BoardNoDataTableViewCell.xib; sourceTree = "<group>"; };
		BD6074B4269DF8AD00CA62F3 /* AddBoardRequest.swift */ = {isa = PBXFileReference; lastKnownFileType = sourcecode.swift; path = AddBoardRequest.swift; sourceTree = "<group>"; };
		BD6074B6269DF92700CA62F3 /* BoardResponse.swift */ = {isa = PBXFileReference; lastKnownFileType = sourcecode.swift; path = BoardResponse.swift; sourceTree = "<group>"; };
		BD6074B9269DFA0200CA62F3 /* AddBoardDataService.swift */ = {isa = PBXFileReference; lastKnownFileType = sourcecode.swift; path = AddBoardDataService.swift; sourceTree = "<group>"; };
		BD6074BB269E015E00CA62F3 /* BoardSectionHeaderView.swift */ = {isa = PBXFileReference; lastKnownFileType = sourcecode.swift; path = BoardSectionHeaderView.swift; sourceTree = "<group>"; };
		BD6074BF269E019C00CA62F3 /* BoardSectionHeaderView.xib */ = {isa = PBXFileReference; lastKnownFileType = file.xib; path = BoardSectionHeaderView.xib; sourceTree = "<group>"; };
		BD6074D0269ED71600CA62F3 /* TripPlanDataModel.swift */ = {isa = PBXFileReference; lastKnownFileType = sourcecode.swift; path = TripPlanDataModel.swift; sourceTree = "<group>"; };
		BD6074D3269ED7B900CA62F3 /* TripPlanDataService.swift */ = {isa = PBXFileReference; lastKnownFileType = sourcecode.swift; path = TripPlanDataService.swift; sourceTree = "<group>"; };
		BD6074D8269F2C3900CA62F3 /* BottomSheetView.xib */ = {isa = PBXFileReference; lastKnownFileType = file.xib; path = BottomSheetView.xib; sourceTree = "<group>"; };
		BD6074DA269F2C4100CA62F3 /* BottomSheetView.swift */ = {isa = PBXFileReference; lastKnownFileType = sourcecode.swift; path = BottomSheetView.swift; sourceTree = "<group>"; };
		BD6074DC269F6DE800CA62F3 /* ScheduleDataModel.swift */ = {isa = PBXFileReference; lastKnownFileType = sourcecode.swift; path = ScheduleDataModel.swift; sourceTree = "<group>"; };
		BD6074E0269F6ED700CA62F3 /* ScheduleDataService.swift */ = {isa = PBXFileReference; lastKnownFileType = sourcecode.swift; path = ScheduleDataService.swift; sourceTree = "<group>"; };
		BD6074EA26A04EFE00CA62F3 /* logo_animation.json */ = {isa = PBXFileReference; fileEncoding = 4; lastKnownFileType = text.json; path = logo_animation.json; sourceTree = "<group>"; };
		BD6074EC26A0517700CA62F3 /* SplashViewController.swift */ = {isa = PBXFileReference; lastKnownFileType = sourcecode.swift; path = SplashViewController.swift; sourceTree = "<group>"; };
		BD75C2C4268B4B3800C4F233 /* DooRiBon.app */ = {isa = PBXFileReference; explicitFileType = wrapper.application; includeInIndex = 0; path = DooRiBon.app; sourceTree = BUILT_PRODUCTS_DIR; };
		BD75C2C7268B4B3800C4F233 /* AppDelegate.swift */ = {isa = PBXFileReference; lastKnownFileType = sourcecode.swift; path = AppDelegate.swift; sourceTree = "<group>"; };
		BD75C2C9268B4B3800C4F233 /* SceneDelegate.swift */ = {isa = PBXFileReference; lastKnownFileType = sourcecode.swift; path = SceneDelegate.swift; sourceTree = "<group>"; };
		BD75C2D0268B4B3900C4F233 /* Assets.xcassets */ = {isa = PBXFileReference; lastKnownFileType = folder.assetcatalog; path = Assets.xcassets; sourceTree = "<group>"; };
		BD75C2D3268B4B3900C4F233 /* Base */ = {isa = PBXFileReference; lastKnownFileType = file.storyboard; name = Base; path = Base.lproj/LaunchScreen.storyboard; sourceTree = "<group>"; };
		BD75C2D5268B4B3900C4F233 /* Info.plist */ = {isa = PBXFileReference; lastKnownFileType = text.plist.xml; path = Info.plist; sourceTree = "<group>"; };
		BD75C2E4268B52AD00C4F233 /* MainStoryboard.storyboard */ = {isa = PBXFileReference; lastKnownFileType = file.storyboard; path = MainStoryboard.storyboard; sourceTree = "<group>"; };
		BD75C2E6268B52BD00C4F233 /* MainViewController.swift */ = {isa = PBXFileReference; lastKnownFileType = sourcecode.swift; path = MainViewController.swift; sourceTree = "<group>"; };
		BD75C2E8268B575E00C4F233 /* Device.swift */ = {isa = PBXFileReference; lastKnownFileType = sourcecode.swift; path = Device.swift; sourceTree = "<group>"; };
		BD75C2F5268B58AD00C4F233 /* ViewEmpty.swift */ = {isa = PBXFileReference; lastKnownFileType = sourcecode.swift; path = ViewEmpty.swift; sourceTree = "<group>"; };
		BD75C2F7268B58B500C4F233 /* ProtocolEmpty.swift */ = {isa = PBXFileReference; lastKnownFileType = sourcecode.swift; path = ProtocolEmpty.swift; sourceTree = "<group>"; };
		BD75C2F9268B58E000C4F233 /* APIConstants.swift */ = {isa = PBXFileReference; lastKnownFileType = sourcecode.swift; path = APIConstants.swift; sourceTree = "<group>"; };
		BD75C2FF268B5BA800C4F233 /* UIFont+Extension.swift */ = {isa = PBXFileReference; lastKnownFileType = sourcecode.swift; path = "UIFont+Extension.swift"; sourceTree = "<group>"; };
		BD75C301268B5BDF00C4F233 /* FontEmpty.swift */ = {isa = PBXFileReference; lastKnownFileType = sourcecode.swift; path = FontEmpty.swift; sourceTree = "<group>"; };
		BD75C303268B5C7300C4F233 /* UIView+Extension.swift */ = {isa = PBXFileReference; lastKnownFileType = sourcecode.swift; path = "UIView+Extension.swift"; sourceTree = "<group>"; };
		BD7B4C7D2697253C00DCCA03 /* ToastView.swift */ = {isa = PBXFileReference; lastKnownFileType = sourcecode.swift; path = ToastView.swift; sourceTree = "<group>"; };
		BD7B4C7F2697254300DCCA03 /* ToastView.xib */ = {isa = PBXFileReference; lastKnownFileType = file.xib; path = ToastView.xib; sourceTree = "<group>"; };
		BDA5626826994E2000616CBF /* DummyDataModel.swift */ = {isa = PBXFileReference; lastKnownFileType = sourcecode.swift; path = DummyDataModel.swift; sourceTree = "<group>"; };
		BDA5626A2699962B00616CBF /* BoardTableViewCell.swift */ = {isa = PBXFileReference; lastKnownFileType = sourcecode.swift; path = BoardTableViewCell.swift; sourceTree = "<group>"; };
		BDA5626B2699962B00616CBF /* BoardTableViewCell.xib */ = {isa = PBXFileReference; lastKnownFileType = file.xib; path = BoardTableViewCell.xib; sourceTree = "<group>"; };
		BDCC36762695C61C009AE274 /* PlanDataHeaderView.swift */ = {isa = PBXFileReference; lastKnownFileType = sourcecode.swift; path = PlanDataHeaderView.swift; sourceTree = "<group>"; };
		BDCC36782695C627009AE274 /* PlanDataHeaderView.xib */ = {isa = PBXFileReference; lastKnownFileType = file.xib; path = PlanDataHeaderView.xib; sourceTree = "<group>"; };
		BDCC367B2695DA66009AE274 /* PlanDataModel.swift */ = {isa = PBXFileReference; lastKnownFileType = sourcecode.swift; path = PlanDataModel.swift; sourceTree = "<group>"; };
		BDCC367D2695DEAA009AE274 /* NoDataTableViewCell.swift */ = {isa = PBXFileReference; lastKnownFileType = sourcecode.swift; path = NoDataTableViewCell.swift; sourceTree = "<group>"; };
		BDCC367E2695DEAA009AE274 /* NoDataTableViewCell.xib */ = {isa = PBXFileReference; lastKnownFileType = file.xib; path = NoDataTableViewCell.xib; sourceTree = "<group>"; };
		BDF1C119268E287900C82CF6 /* Colors.xcassets */ = {isa = PBXFileReference; lastKnownFileType = folder.assetcatalog; path = Colors.xcassets; sourceTree = "<group>"; };
		BDF1C11E268E318C00C82CF6 /* ColorConstants.swift */ = {isa = PBXFileReference; fileEncoding = 4; lastKnownFileType = sourcecode.swift; path = ColorConstants.swift; sourceTree = "<group>"; };
/* End PBXFileReference section */

/* Begin PBXFrameworksBuildPhase section */
		BD75C2C1268B4B3800C4F233 /* Frameworks */ = {
			isa = PBXFrameworksBuildPhase;
			buildActionMask = 2147483647;
			files = (
				0BBB0E3F1275A841053DEF43 /* Pods_DooRiBon.framework in Frameworks */,
			);
			runOnlyForDeploymentPostprocessing = 0;
		};
/* End PBXFrameworksBuildPhase section */

/* Begin PBXGroup section */
		0A1BD3B8268E192400702EC5 /* Common */ = {
			isa = PBXGroup;
			children = (
				BD7B4C7A2697250000DCCA03 /* ToastView */,
				BD6074D5269F27D500CA62F3 /* BottomSheet */,
				BD5EEC8C2698483900D09B11 /* TripTop */,
				0A88A00E269493C800A4EBD0 /* Popup */,
				0A1BD3BD268E1C7000702EC5 /* PagerTab */,
			);
			path = Common;
			sourceTree = "<group>";
		};
		0A1BD3BD268E1C7000702EC5 /* PagerTab */ = {
			isa = PBXGroup;
			children = (
				0A1BD3B9268E193E00702EC5 /* PagerTab.swift */,
				0A1BD3BE268E1E2900702EC5 /* Sample */,
			);
			path = PagerTab;
			sourceTree = "<group>";
		};
		0A1BD3BE268E1E2900702EC5 /* Sample */ = {
			isa = PBXGroup;
			children = (
				0A1BD3BB268E1C6C00702EC5 /* PagerTabSampleViewController.swift */,
				0A1BD3BF268E1E3D00702EC5 /* PagerTabSampleViewControllerStoryboard.storyboard */,
			);
			path = Sample;
			sourceTree = "<group>";
		};
		0A88A00E269493C800A4EBD0 /* Popup */ = {
			isa = PBXGroup;
			children = (
				0A88A00F269493E000A4EBD0 /* PopupView.swift */,
				0A88A0112694941E00A4EBD0 /* PopupView.xib */,
			);
			path = Popup;
			sourceTree = "<group>";
		};
		15D308F1FE297543BA7FF80A /* Frameworks */ = {
			isa = PBXGroup;
			children = (
				4BD67503EA76B9E8E80971F1 /* Pods_DooRiBon.framework */,
			);
			name = Frameworks;
			sourceTree = "<group>";
		};
		3910A97C269C754F0022D2F5 /* Views */ = {
			isa = PBXGroup;
			children = (
				0A278236269CAB410001591F /* AnswerView.swift */,
				0A278238269CAB490001591F /* AnswerView.xib */,
			);
			path = Views;
			sourceTree = "<group>";
		};
		3910A97D269C756E0022D2F5 /* Models */ = {
			isa = PBXGroup;
			children = (
				39F21BA5269BDB4100673511 /* StyleQuestionDataModel.swift */,
				40320988269F2F76003DCB8A /* StyleResultDataModel.swift */,
			);
			path = Models;
			sourceTree = "<group>";
		};
		3910A97E269C75830022D2F5 /* Cells */ = {
			isa = PBXGroup;
			children = (
				39F21BA3269BD83400673511 /* AnswerCollectionViewCell.swift */,
			);
			path = Cells;
			sourceTree = "<group>";
		};
		3975958B269B5618008E8360 /* StyleTest */ = {
			isa = PBXGroup;
			children = (
				4057E82C269F0D9D00DE024D /* Service */,
				3910A97E269C75830022D2F5 /* Cells */,
				3910A97D269C756E0022D2F5 /* Models */,
				3910A97C269C754F0022D2F5 /* Views */,
				3975958C269B569D008E8360 /* StyleQuestionViewController.swift */,
				3975958E269B56A9008E8360 /* StyleQuestionStoryboard.storyboard */,
			);
			path = StyleTest;
			sourceTree = "<group>";
		};
		399C6FFE269B25E60017069C /* Recovered References */ = {
			isa = PBXGroup;
			children = (
				39D4B5722695FB1100AAA5DB /* TakeLookViewController.swift */,
			);
			name = "Recovered References";
			sourceTree = "<group>";
		};
		399C7001269B27220017069C /* TakeLook */ = {
			isa = PBXGroup;
			children = (
				399C700E269B27A70017069C /* Models */,
				399C700D269B279E0017069C /* Cells */,
				399C7007269B27840017069C /* QuestionCell.swift */,
				399C7009269B27840017069C /* QuestionCell.xib */,
				399C7008269B27840017069C /* TakeLookViewController.swift */,
				399C7013269B284C0017069C /* TakeLookStoryboard.storyboard */,
			);
			path = TakeLook;
			sourceTree = "<group>";
		};
		399C700D269B279E0017069C /* Cells */ = {
			isa = PBXGroup;
			children = (
				399C7011269B27E60017069C /* StyleQuestionTableViewCell.swift */,
			);
			path = Cells;
			sourceTree = "<group>";
		};
		399C700E269B27A70017069C /* Models */ = {
			isa = PBXGroup;
			children = (
				399C700F269B27C80017069C /* styleQuestionListDataModel.swift */,
			);
			path = Models;
			sourceTree = "<group>";
		};
		39E35958269EFFD90077B946 /* WithMemberPopup */ = {
			isa = PBXGroup;
			children = (
				39E35960269F34C10077B946 /* Services */,
				39E3595F269F34A90077B946 /* Models */,
				39E3595E269F34820077B946 /* Cells */,
				393691F9269EB838003348A7 /* WithPopupView.xib */,
				393691FB269EB84D003348A7 /* WithPopupView.swift */,
			);
			path = WithMemberPopup;
			sourceTree = "<group>";
		};
		39E3595B269F2D5D0077B946 /* CheckTrip */ = {
			isa = PBXGroup;
			children = (
				39FC9D8E269F6604002E12A5 /* CheckTripViewController.swift */,
				39FC9D90269F6611002E12A5 /* CheckTripStoryboard.storyboard */,
				39FC9D92269F6641002E12A5 /* JoinCompleteViewController.swift */,
				39FC9D93269F6641002E12A5 /* JoinCompleteViewController.xib */,
			);
			path = CheckTrip;
			sourceTree = "<group>";
		};
		39E3595E269F34820077B946 /* Cells */ = {
			isa = PBXGroup;
			children = (
				393691FE269EBFF6003348A7 /* MemberPopupCollectionViewCell.xib */,
				393691FD269EBFF6003348A7 /* MemberPopupCollectionViewCell.swift */,
			);
			path = Cells;
			sourceTree = "<group>";
		};
		39E3595F269F34A90077B946 /* Models */ = {
			isa = PBXGroup;
			children = (
				39369204269EC6FB003348A7 /* MemberPopupDataModel.swift */,
				39E35956269EFF290077B946 /* MemberProfileDataModel.swift */,
			);
			path = Models;
			sourceTree = "<group>";
		};
		39E35960269F34C10077B946 /* Services */ = {
			isa = PBXGroup;
			children = (
				39E35959269F00730077B946 /* GetMemberProfileDataService.swift */,
			);
			path = Services;
			sourceTree = "<group>";
		};
		39EAC4AF2692E00000114734 /* StartTrip */ = {
			isa = PBXGroup;
			children = (
				39EAC4B02692E0FA00114734 /* StartTripViewController.swift */,
				39EAC4B12692E0FA00114734 /* StartTripViewController.xib */,
			);
			path = StartTrip;
			sourceTree = "<group>";
		};
		40299CB9269B66B800A4C9B6 /* StyleTestResult */ = {
			isa = PBXGroup;
			children = (
				40299CBA269B66D500A4C9B6 /* StyleTestResultStoryboard.storyboard */,
				40299CBC269B66E400A4C9B6 /* StyleTestResultViewController.swift */,
			);
			path = StyleTestResult;
			sourceTree = "<group>";
		};
		402E5200269DD5A900635B41 /* Service */ = {
			isa = PBXGroup;
			children = (
				402E5204269DD67500635B41 /* AddTripPlanService.swift */,
			);
			path = Service;
			sourceTree = "<group>";
		};
		402E5201269DD61300635B41 /* Model */ = {
			isa = PBXGroup;
			children = (
				402E5202269DD62300635B41 /* AddTripPlanDataModel.swift */,
			);
			path = Model;
			sourceTree = "<group>";
		};
		4057E82C269F0D9D00DE024D /* Service */ = {
			isa = PBXGroup;
			children = (
				4057E82D269F0DAA00DE024D /* StyleTestService.swift */,
				4032098A269F2FB1003DCB8A /* StyleResultService.swift */,
			);
			path = Service;
			sourceTree = "<group>";
		};
		4073BC6826986FAA00C5C7B0 /* MemberOur */ = {
			isa = PBXGroup;
			children = (
				409E26D02699D8FA001C5CED /* View */,
				4073BC6A26986FC300C5C7B0 /* Model */,
				4073BC6926986FB700C5C7B0 /* Cell */,
				4073BC6426986A9B00C5C7B0 /* MemberOurStoryboard.storyboard */,
				4073BC6626986B9600C5C7B0 /* MemberOurViewController.swift */,
			);
			path = MemberOur;
			sourceTree = "<group>";
		};
		4073BC6926986FB700C5C7B0 /* Cell */ = {
			isa = PBXGroup;
			children = (
				407E640D269A1769007C8081 /* MemberCodeCopy.xib */,
				407E6409269A139E007C8081 /* MemberStart.xib */,
				4073BC6D26986FEC00C5C7B0 /* MemberOurTableViewCell.swift */,
				4097AC91269B0E5700E34CCC /* MemberStartTableViewCell.swift */,
				4097AC93269B0F9F00E34CCC /* MemberCodeCopyTableViewCell.swift */,
			);
			path = Cell;
			sourceTree = "<group>";
		};
		4073BC6A26986FC300C5C7B0 /* Model */ = {
			isa = PBXGroup;
			children = (
				4073BC6B26986FDA00C5C7B0 /* MemberOurTableViewModel.swift */,
			);
			path = Model;
			sourceTree = "<group>";
		};
		408D1ADD26957D5100BBC454 /* Cell */ = {
			isa = PBXGroup;
			children = (
				408D1ADE26957D8F00BBC454 /* CalendarCell.swift */,
			);
			path = Cell;
			sourceTree = "<group>";
		};
		4091C6372692264F009EDB60 /* AddTripPlan */ = {
			isa = PBXGroup;
			children = (
				402E5201269DD61300635B41 /* Model */,
				402E5200269DD5A900635B41 /* Service */,
				4091C6382692265E009EDB60 /* AddTripPlanStoryboard.storyboard */,
				4091C63A2692266A009EDB60 /* AddTripPlanViewController.swift */,
			);
			path = AddTripPlan;
			sourceTree = "<group>";
		};
		4095558A2695715200130ACB /* AddDate */ = {
			isa = PBXGroup;
			children = (
				408D1ADD26957D5100BBC454 /* Cell */,
				4095558B2695718D00130ACB /* AddDateStoryboard.storyboard */,
				4095558D2695719A00130ACB /* AddDateViewController.swift */,
			);
			path = AddDate;
			sourceTree = "<group>";
		};
		4096A975269D699400EBDE56 /* Service */ = {
			isa = PBXGroup;
			children = (
				4096A976269D6D0000EBDE56 /* AddTripService.swift */,
				40253C8B269DAF220045620F /* AddTripImageService.swift */,
				40EBD320269F455400DFC057 /* EditTripService.swift */,
			);
			path = Service;
			sourceTree = "<group>";
		};
		409E26D02699D8FA001C5CED /* View */ = {
			isa = PBXGroup;
			children = (
				409E26D12699D90E001C5CED /* MemberHeaderView.xib */,
				409E26D32699D91E001C5CED /* MemberHeaderView.swift */,
			);
			path = View;
			sourceTree = "<group>";
		};
		40AE7825268F7F680058806B /* Cells */ = {
			isa = PBXGroup;
			children = (
				40AE7828268F7FED0058806B /* PhotoCollectionViewCell.swift */,
				40AE7829268F7FED0058806B /* PhotoCollectionViewCell.xib */,
			);
			path = Cells;
			sourceTree = "<group>";
		};
		40AE782C268F81B90058806B /* Models */ = {
			isa = PBXGroup;
			children = (
				40AE782D268F81E20058806B /* PhotoCollectionViewModel.swift */,
				4096A978269D6D1600EBDE56 /* AddTripDataModel.swift */,
				40253C8D269DAFFF0045620F /* AddTripImageDateModel.swift */,
				40EBD31E269F44FF00DFC057 /* EditTripDataModel.swift */,
			);
			path = Models;
			sourceTree = "<group>";
		};
		40B5A08C268EE1ED00A89875 /* AddTrip */ = {
			isa = PBXGroup;
			children = (
				4096A975269D699400EBDE56 /* Service */,
				4095558A2695715200130ACB /* AddDate */,
				40AE782C268F81B90058806B /* Models */,
				40AE7825268F7F680058806B /* Cells */,
				40B5A08F268EE2E500A89875 /* AddTripStoryboard.storyboard */,
				40B5A091268EE35100A89875 /* AddTripViewController.swift */,
			);
			path = AddTrip;
			sourceTree = "<group>";
		};
		40EBD322269F5D7C00DFC057 /* Model */ = {
			isa = PBXGroup;
			children = (
				40EBD323269F5D9600DFC057 /* TripInfoDataModel.swift */,
			);
			path = Model;
			sourceTree = "<group>";
		};
		40EBD325269F5DED00DFC057 /* Service */ = {
			isa = PBXGroup;
			children = (
				40EBD326269F5DFB00DFC057 /* TripInformService.swift */,
			);
			path = Service;
			sourceTree = "<group>";
		};
		BD0AD610269362DB0033DAD8 /* Base */ = {
			isa = PBXGroup;
			children = (
				40EBD322269F5D7C00DFC057 /* Model */,
				40EBD325269F5DED00DFC057 /* Service */,
				39E35958269EFFD90077B946 /* WithMemberPopup */,
				BD0AD60D269361D50033DAD8 /* TripStoryboard.storyboard */,
				BD0AD62526936A8A0033DAD8 /* TripViewController.swift */,
				BD0AD612269363150033DAD8 /* Member */,
				BD0AD614269363480033DAD8 /* Plan */,
				BD0AD611269363090033DAD8 /* Board */,
			);
			path = Base;
			sourceTree = "<group>";
		};
		BD0AD611269363090033DAD8 /* Board */ = {
			isa = PBXGroup;
			children = (
				BD6074B8269DF9EF00CA62F3 /* Services */,
				BDCA6F1C269B58F700977F10 /* Views */,
				BDA5626726994E0E00616CBF /* Models */,
				BD5EEC9126986A4500D09B11 /* Cells */,
				BD0AD619269363E30033DAD8 /* BoardStoryboard.storyboard */,
				BD0AD6212693653D0033DAD8 /* BoardViewController.swift */,
				40076924269EF7B8003C15ED /* BoardNavigationViewController.swift */,
			);
			path = Board;
			sourceTree = "<group>";
		};
		BD0AD612269363150033DAD8 /* Member */ = {
			isa = PBXGroup;
			children = (
				40299CB9269B66B800A4C9B6 /* StyleTestResult */,
				4073BC6826986FAA00C5C7B0 /* MemberOur */,
				399C7001269B27220017069C /* TakeLook */,
				BD0AD615269363D10033DAD8 /* MemberStoryboard.storyboard */,
				399C7015269B28A40017069C /* MemberViewController.swift */,
				40076922269EF4C1003C15ED /* MemberNaigationViewController.swift */,
			);
			path = Member;
			sourceTree = "<group>";
		};
		BD0AD614269363480033DAD8 /* Plan */ = {
			isa = PBXGroup;
			children = (
				BD6074D2269ED78F00CA62F3 /* Service */,
				BD0AD617269363D90033DAD8 /* PlanStoryboard.storyboard */,
				BD0AD61F269365050033DAD8 /* PlanViewController.swift */,
				BD5CBC40269495DA00935E79 /* Cells */,
				BDCC36732695C5E9009AE274 /* Views */,
				BDCC367A2695DA3B009AE274 /* Models */,
				40076926269EF96A003C15ED /* PlanNavigationViewController.swift */,
			);
			path = Plan;
			sourceTree = "<group>";
		};
		BD1725C7269C9F2B000FB89B /* Network */ = {
			isa = PBXGroup;
			children = (
				BD75C2F9268B58E000C4F233 /* APIConstants.swift */,
				BD1725CA269CB39F000FB89B /* NetworkInfo.swift */,
				BD1725C8269CA04F000FB89B /* NetworkResult.swift */,
			);
			path = Network;
			sourceTree = "<group>";
		};
		BD1725D2269D7724000FB89B /* Models */ = {
			isa = PBXGroup;
			children = (
				BD1725D4269D77CE000FB89B /* JoinTripDataModel.swift */,
			);
			path = Models;
			sourceTree = "<group>";
		};
		BD1725D3269D772F000FB89B /* Services */ = {
			isa = PBXGroup;
			children = (
				BD1725D6269D78F7000FB89B /* JoinTripDataService.swift */,
			);
			path = Services;
			sourceTree = "<group>";
		};
		BD55F43D26919BF8004E7114 /* JoinTrip */ = {
			isa = PBXGroup;
			children = (
				39E3595B269F2D5D0077B946 /* CheckTrip */,
				BD55F44026919C2B004E7114 /* JoinTripViewController.swift */,
				BD55F43E26919C17004E7114 /* JoinTripStoryboard.storyboard */,
				BD4EF4902691CB8300A6362D /* CodeTextField.swift */,
				BD1725D2269D7724000FB89B /* Models */,
				BD1725D3269D772F000FB89B /* Services */,
			);
			path = JoinTrip;
			sourceTree = "<group>";
		};
		BD5CBC40269495DA00935E79 /* Cells */ = {
			isa = PBXGroup;
			children = (
				BD5CBC412694961C00935E79 /* DateCollectionViewCell.swift */,
				BD5CBC422694961C00935E79 /* DateCollectionViewCell.xib */,
				BD5B425C2695ABBE0002A290 /* PlanDataTableViewCell.swift */,
				BD5B425D2695ABBE0002A290 /* PlanDataTableViewCell.xib */,
				BDCC367D2695DEAA009AE274 /* NoDataTableViewCell.swift */,
				BDCC367E2695DEAA009AE274 /* NoDataTableViewCell.xib */,
			);
			path = Cells;
			sourceTree = "<group>";
		};
		BD5EEC8C2698483900D09B11 /* TripTop */ = {
			isa = PBXGroup;
			children = (
				BD5EEC8D269848D800D09B11 /* TripTopView.swift */,
				BD5EEC8E269848D800D09B11 /* TripTopView.xib */,
			);
			path = TripTop;
			sourceTree = "<group>";
		};
		BD5EEC9126986A4500D09B11 /* Cells */ = {
			isa = PBXGroup;
			children = (
				BD5EEC9226986AB100D09B11 /* BoardNoDataTableViewCell.swift */,
				BD5EEC9326986AB100D09B11 /* BoardNoDataTableViewCell.xib */,
				BDA5626A2699962B00616CBF /* BoardTableViewCell.swift */,
				BDA5626B2699962B00616CBF /* BoardTableViewCell.xib */,
			);
			path = Cells;
			sourceTree = "<group>";
		};
		BD6074B8269DF9EF00CA62F3 /* Services */ = {
			isa = PBXGroup;
			children = (
				BD6074B9269DFA0200CA62F3 /* AddBoardDataService.swift */,
			);
			path = Services;
			sourceTree = "<group>";
		};
		BD6074D2269ED78F00CA62F3 /* Service */ = {
			isa = PBXGroup;
			children = (
				BD6074D3269ED7B900CA62F3 /* TripPlanDataService.swift */,
				BD6074E0269F6ED700CA62F3 /* ScheduleDataService.swift */,
			);
			path = Service;
			sourceTree = "<group>";
		};
		BD6074D5269F27D500CA62F3 /* BottomSheet */ = {
			isa = PBXGroup;
			children = (
				BD6074D8269F2C3900CA62F3 /* BottomSheetView.xib */,
				BD6074DA269F2C4100CA62F3 /* BottomSheetView.swift */,
			);
			path = BottomSheet;
			sourceTree = "<group>";
		};
		BD6074E626A04E6C00CA62F3 /* Splash */ = {
			isa = PBXGroup;
			children = (
				BD6074EC26A0517700CA62F3 /* SplashViewController.swift */,
			);
			path = Splash;
			sourceTree = "<group>";
		};
		BD6074E926A04EED00CA62F3 /* Animations */ = {
			isa = PBXGroup;
			children = (
				BD6074EA26A04EFE00CA62F3 /* logo_animation.json */,
			);
			path = Animations;
			sourceTree = "<group>";
		};
		BD75C2BB268B4B3700C4F233 = {
			isa = PBXGroup;
			children = (
				BD75C2C6268B4B3800C4F233 /* DooRiBon */,
				BD75C2C5268B4B3800C4F233 /* Products */,
				DD665D5B38E29E0B2DEF1B9E /* Pods */,
				15D308F1FE297543BA7FF80A /* Frameworks */,
				399C6FFE269B25E60017069C /* Recovered References */,
			);
			sourceTree = "<group>";
		};
		BD75C2C5268B4B3800C4F233 /* Products */ = {
			isa = PBXGroup;
			children = (
				BD75C2C4268B4B3800C4F233 /* DooRiBon.app */,
			);
			name = Products;
			sourceTree = "<group>";
		};
		BD75C2C6268B4B3800C4F233 /* DooRiBon */ = {
			isa = PBXGroup;
			children = (
				BD75C2E2268B518600C4F233 /* Application */,
				BD75C2DB268B4DEE00C4F233 /* Resources */,
				BD75C2DC268B4DFD00C4F233 /* Sources */,
			);
			path = DooRiBon;
			sourceTree = "<group>";
		};
		BD75C2DB268B4DEE00C4F233 /* Resources */ = {
			isa = PBXGroup;
			children = (
				BD75C2D0268B4B3900C4F233 /* Assets.xcassets */,
				BDF1C119268E287900C82CF6 /* Colors.xcassets */,
				BD1725C7269C9F2B000FB89B /* Network */,
				BD75C2DD268B4E4800C4F233 /* Constants */,
				BD75C2E1268B510D00C4F233 /* Font */,
				BD75C2E0268B501400C4F233 /* Extensions */,
				BD75C2DF268B4E7200C4F233 /* CommonClass */,
				BD6074E926A04EED00CA62F3 /* Animations */,
			);
			path = Resources;
			sourceTree = "<group>";
		};
		BD75C2DC268B4DFD00C4F233 /* Sources */ = {
			isa = PBXGroup;
			children = (
				BD6074E626A04E6C00CA62F3 /* Splash */,
				BD0AD610269362DB0033DAD8 /* Base */,
				BD55F43D26919BF8004E7114 /* JoinTrip */,
				4091C6372692264F009EDB60 /* AddTripPlan */,
				BD75C2E3268B522000C4F233 /* Main */,
				0A1BD3B8268E192400702EC5 /* Common */,
			);
			path = Sources;
			sourceTree = "<group>";
		};
		BD75C2DD268B4E4800C4F233 /* Constants */ = {
			isa = PBXGroup;
			children = (
				BDF1C11E268E318C00C82CF6 /* ColorConstants.swift */,
				40A0EA41269C4596009EDE74 /* NibConstants.swift */,
			);
			path = Constants;
			sourceTree = "<group>";
		};
		BD75C2DF268B4E7200C4F233 /* CommonClass */ = {
			isa = PBXGroup;
			children = (
				BD75C2E8268B575E00C4F233 /* Device.swift */,
			);
			path = CommonClass;
			sourceTree = "<group>";
		};
		BD75C2E0268B501400C4F233 /* Extensions */ = {
			isa = PBXGroup;
			children = (
				BD75C2FF268B5BA800C4F233 /* UIFont+Extension.swift */,
				BD75C303268B5C7300C4F233 /* UIView+Extension.swift */,
				39865B35268F7DF700961BF4 /* CALayer+Extension.swift */,
				0A88A0132694A61800A4EBD0 /* UIApplication+Extension.swift */,
				40253C8F269DB7250045620F /* UIImage+Extension.swift */,
			);
			path = Extensions;
			sourceTree = "<group>";
		};
		BD75C2E1268B510D00C4F233 /* Font */ = {
			isa = PBXGroup;
			children = (
				BD39D4FA268DE80D004714B6 /* SpoqaHanSansNeo-Bold.ttf */,
				BD39D4FB268DE80D004714B6 /* SpoqaHanSansNeo-Light.ttf */,
				BD39D4F8268DE80D004714B6 /* SpoqaHanSansNeo-Medium.ttf */,
				BD39D4F7268DE80D004714B6 /* SpoqaHanSansNeo-Regular.ttf */,
				BD39D4F9268DE80D004714B6 /* SpoqaHanSansNeo-Thin.ttf */,
				BD75C301268B5BDF00C4F233 /* FontEmpty.swift */,
			);
			path = Font;
			sourceTree = "<group>";
		};
		BD75C2E2268B518600C4F233 /* Application */ = {
			isa = PBXGroup;
			children = (
				BD75C2C7268B4B3800C4F233 /* AppDelegate.swift */,
				BD75C2C9268B4B3800C4F233 /* SceneDelegate.swift */,
				BD75C2D5268B4B3900C4F233 /* Info.plist */,
				BD75C2D2268B4B3900C4F233 /* LaunchScreen.storyboard */,
			);
			path = Application;
			sourceTree = "<group>";
		};
		BD75C2E3268B522000C4F233 /* Main */ = {
			isa = PBXGroup;
			children = (
				3975958B269B5618008E8360 /* StyleTest */,
				39EAC4AF2692E00000114734 /* StartTrip */,
				40B5A08C268EE1ED00A89875 /* AddTrip */,
				BD75C2E4268B52AD00C4F233 /* MainStoryboard.storyboard */,
				BD75C2E6268B52BD00C4F233 /* MainViewController.swift */,
				BD75C2F0268B581100C4F233 /* Models */,
				BD75C2ED268B57F400C4F233 /* Services */,
				BD75C2EA268B578700C4F233 /* Cells */,
				BD75C2F3268B588A00C4F233 /* Views */,
				BD75C2F4268B589B00C4F233 /* Protocols */,
			);
			path = Main;
			sourceTree = "<group>";
		};
		BD75C2EA268B578700C4F233 /* Cells */ = {
			isa = PBXGroup;
			children = (
				392EF95026918450008CA532 /* ComeTripCollectionViewCell.swift */,
				392EF94E269183F8008CA532 /* LastTripTableViewCell.swift */,
			);
			path = Cells;
			sourceTree = "<group>";
		};
		BD75C2ED268B57F400C4F233 /* Services */ = {
			isa = PBXGroup;
			children = (
				3976DFB7269D5BF400062059 /* GetMainDataService.swift */,
			);
			path = Services;
			sourceTree = "<group>";
		};
		BD75C2F0268B581100C4F233 /* Models */ = {
			isa = PBXGroup;
			children = (
				3976DFB5269D5AEC00062059 /* MainDataModel.swift */,
			);
			path = Models;
			sourceTree = "<group>";
		};
		BD75C2F3268B588A00C4F233 /* Views */ = {
			isa = PBXGroup;
			children = (
				BD75C2F5268B58AD00C4F233 /* ViewEmpty.swift */,
			);
			path = Views;
			sourceTree = "<group>";
		};
		BD75C2F4268B589B00C4F233 /* Protocols */ = {
			isa = PBXGroup;
			children = (
				BD75C2F7268B58B500C4F233 /* ProtocolEmpty.swift */,
			);
			path = Protocols;
			sourceTree = "<group>";
		};
		BD7B4C7A2697250000DCCA03 /* ToastView */ = {
			isa = PBXGroup;
			children = (
				BD7B4C7D2697253C00DCCA03 /* ToastView.swift */,
				BD7B4C7F2697254300DCCA03 /* ToastView.xib */,
			);
			path = ToastView;
			sourceTree = "<group>";
		};
		BDA5626726994E0E00616CBF /* Models */ = {
			isa = PBXGroup;
			children = (
				BDA5626826994E2000616CBF /* DummyDataModel.swift */,
				BD6074B4269DF8AD00CA62F3 /* AddBoardRequest.swift */,
				BD6074B6269DF92700CA62F3 /* BoardResponse.swift */,
			);
			path = Models;
			sourceTree = "<group>";
		};
		BDCA6F1C269B58F700977F10 /* Views */ = {
			isa = PBXGroup;
			children = (
				BD172594269C14B2000FB89B /* BoardPopupView.swift */,
				BD172596269C14BE000FB89B /* BoardPopupView.xib */,
				BD6074BB269E015E00CA62F3 /* BoardSectionHeaderView.swift */,
				BD6074BF269E019C00CA62F3 /* BoardSectionHeaderView.xib */,
			);
			path = Views;
			sourceTree = "<group>";
		};
		BDCC36732695C5E9009AE274 /* Views */ = {
			isa = PBXGroup;
			children = (
				BDCC36762695C61C009AE274 /* PlanDataHeaderView.swift */,
				BDCC36782695C627009AE274 /* PlanDataHeaderView.xib */,
			);
			path = Views;
			sourceTree = "<group>";
		};
		BDCC367A2695DA3B009AE274 /* Models */ = {
			isa = PBXGroup;
			children = (
				BDCC367B2695DA66009AE274 /* PlanDataModel.swift */,
				BD6074D0269ED71600CA62F3 /* TripPlanDataModel.swift */,
				BD6074DC269F6DE800CA62F3 /* ScheduleDataModel.swift */,
			);
			path = Models;
			sourceTree = "<group>";
		};
		DD665D5B38E29E0B2DEF1B9E /* Pods */ = {
			isa = PBXGroup;
			children = (
				37539EC5FA070D675C5829FF /* Pods-DooRiBon.debug.xcconfig */,
				865B67CA1EA48E50F6BF455F /* Pods-DooRiBon.release.xcconfig */,
			);
			path = Pods;
			sourceTree = "<group>";
		};
/* End PBXGroup section */

/* Begin PBXNativeTarget section */
		BD75C2C3268B4B3800C4F233 /* DooRiBon */ = {
			isa = PBXNativeTarget;
			buildConfigurationList = BD75C2D8268B4B3900C4F233 /* Build configuration list for PBXNativeTarget "DooRiBon" */;
			buildPhases = (
				48367F795EBC3A93BC6C2D09 /* [CP] Check Pods Manifest.lock */,
				BD75C2C0268B4B3800C4F233 /* Sources */,
				BD75C2C1268B4B3800C4F233 /* Frameworks */,
				BD75C2C2268B4B3800C4F233 /* Resources */,
				CBD8F135C30B85A02DE4519B /* [CP] Embed Pods Frameworks */,
			);
			buildRules = (
			);
			dependencies = (
			);
			name = DooRiBon;
			productName = DooRiBon;
			productReference = BD75C2C4268B4B3800C4F233 /* DooRiBon.app */;
			productType = "com.apple.product-type.application";
		};
/* End PBXNativeTarget section */

/* Begin PBXProject section */
		BD75C2BC268B4B3700C4F233 /* Project object */ = {
			isa = PBXProject;
			attributes = {
				LastSwiftUpdateCheck = 1250;
				LastUpgradeCheck = 1250;
				TargetAttributes = {
					BD75C2C3268B4B3800C4F233 = {
						CreatedOnToolsVersion = 12.5;
					};
				};
			};
			buildConfigurationList = BD75C2BF268B4B3700C4F233 /* Build configuration list for PBXProject "DooRiBon" */;
			compatibilityVersion = "Xcode 9.3";
			developmentRegion = en;
			hasScannedForEncodings = 0;
			knownRegions = (
				en,
				Base,
			);
			mainGroup = BD75C2BB268B4B3700C4F233;
			productRefGroup = BD75C2C5268B4B3800C4F233 /* Products */;
			projectDirPath = "";
			projectRoot = "";
			targets = (
				BD75C2C3268B4B3800C4F233 /* DooRiBon */,
			);
		};
/* End PBXProject section */

/* Begin PBXResourcesBuildPhase section */
		BD75C2C2268B4B3800C4F233 /* Resources */ = {
			isa = PBXResourcesBuildPhase;
			buildActionMask = 2147483647;
			files = (
				40299CBB269B66D500A4C9B6 /* StyleTestResultStoryboard.storyboard in Resources */,
				BDF1C11A268E287900C82CF6 /* Colors.xcassets in Resources */,
				409E26D22699D90E001C5CED /* MemberHeaderView.xib in Resources */,
				393691FA269EB838003348A7 /* WithPopupView.xib in Resources */,
				BD0AD616269363D10033DAD8 /* MemberStoryboard.storyboard in Resources */,
				BD7B4C802697254300DCCA03 /* ToastView.xib in Resources */,
				39FC9D91269F6611002E12A5 /* CheckTripStoryboard.storyboard in Resources */,
				BD55F43F26919C17004E7114 /* JoinTripStoryboard.storyboard in Resources */,
				BD0AD60E269361D50033DAD8 /* TripStoryboard.storyboard in Resources */,
				BD6074EB26A04EFE00CA62F3 /* logo_animation.json in Resources */,
				4073BC6526986A9B00C5C7B0 /* MemberOurStoryboard.storyboard in Resources */,
				BD5EEC90269848D800D09B11 /* TripTopView.xib in Resources */,
				BD5EEC9526986AB100D09B11 /* BoardNoDataTableViewCell.xib in Resources */,
				BDCC36792695C627009AE274 /* PlanDataHeaderView.xib in Resources */,
				BD6074C0269E019C00CA62F3 /* BoardSectionHeaderView.xib in Resources */,
				BD0AD618269363D90033DAD8 /* PlanStoryboard.storyboard in Resources */,
				BDA5626D2699962B00616CBF /* BoardTableViewCell.xib in Resources */,
				BD39D4FE268DE80D004714B6 /* SpoqaHanSansNeo-Thin.ttf in Resources */,
				40B5A090268EE2E500A89875 /* AddTripStoryboard.storyboard in Resources */,
				407E640A269A139E007C8081 /* MemberStart.xib in Resources */,
				39EAC4B32692E0FA00114734 /* StartTripViewController.xib in Resources */,
				0A88A0122694941F00A4EBD0 /* PopupView.xib in Resources */,
				0A278239269CAB490001591F /* AnswerView.xib in Resources */,
				BDCC36802695DEAA009AE274 /* NoDataTableViewCell.xib in Resources */,
				BD39D4FC268DE80D004714B6 /* SpoqaHanSansNeo-Regular.ttf in Resources */,
				399C700C269B27840017069C /* QuestionCell.xib in Resources */,
				4095558C2695718D00130ACB /* AddDateStoryboard.storyboard in Resources */,
				BD75C2D4268B4B3900C4F233 /* LaunchScreen.storyboard in Resources */,
				BD75C2D1268B4B3900C4F233 /* Assets.xcassets in Resources */,
				407E640E269A1769007C8081 /* MemberCodeCopy.xib in Resources */,
				BD39D500268DE80D004714B6 /* SpoqaHanSansNeo-Light.ttf in Resources */,
				39369200269EBFF6003348A7 /* MemberPopupCollectionViewCell.xib in Resources */,
				0A1BD3C0268E1E3D00702EC5 /* PagerTabSampleViewControllerStoryboard.storyboard in Resources */,
				BD172597269C14BE000FB89B /* BoardPopupView.xib in Resources */,
				BD6074D9269F2C3900CA62F3 /* BottomSheetView.xib in Resources */,
				BD0AD61A269363E30033DAD8 /* BoardStoryboard.storyboard in Resources */,
				BD5CBC442694961C00935E79 /* DateCollectionViewCell.xib in Resources */,
				3975958F269B56A9008E8360 /* StyleQuestionStoryboard.storyboard in Resources */,
				BD39D4FD268DE80D004714B6 /* SpoqaHanSansNeo-Medium.ttf in Resources */,
				40AE782B268F7FED0058806B /* PhotoCollectionViewCell.xib in Resources */,
				BD75C2E5268B52AD00C4F233 /* MainStoryboard.storyboard in Resources */,
				399C7014269B284C0017069C /* TakeLookStoryboard.storyboard in Resources */,
				BD5B425F2695ABBE0002A290 /* PlanDataTableViewCell.xib in Resources */,
				BD39D4FF268DE80D004714B6 /* SpoqaHanSansNeo-Bold.ttf in Resources */,
				4091C6392692265E009EDB60 /* AddTripPlanStoryboard.storyboard in Resources */,
				39FC9D95269F6641002E12A5 /* JoinCompleteViewController.xib in Resources */,
			);
			runOnlyForDeploymentPostprocessing = 0;
		};
/* End PBXResourcesBuildPhase section */

/* Begin PBXShellScriptBuildPhase section */
		48367F795EBC3A93BC6C2D09 /* [CP] Check Pods Manifest.lock */ = {
			isa = PBXShellScriptBuildPhase;
			buildActionMask = 2147483647;
			files = (
			);
			inputFileListPaths = (
			);
			inputPaths = (
				"${PODS_PODFILE_DIR_PATH}/Podfile.lock",
				"${PODS_ROOT}/Manifest.lock",
			);
			name = "[CP] Check Pods Manifest.lock";
			outputFileListPaths = (
			);
			outputPaths = (
				"$(DERIVED_FILE_DIR)/Pods-DooRiBon-checkManifestLockResult.txt",
			);
			runOnlyForDeploymentPostprocessing = 0;
			shellPath = /bin/sh;
			shellScript = "diff \"${PODS_PODFILE_DIR_PATH}/Podfile.lock\" \"${PODS_ROOT}/Manifest.lock\" > /dev/null\nif [ $? != 0 ] ; then\n    # print error to STDERR\n    echo \"error: The sandbox is not in sync with the Podfile.lock. Run 'pod install' or update your CocoaPods installation.\" >&2\n    exit 1\nfi\n# This output is used by Xcode 'outputs' to avoid re-running this script phase.\necho \"SUCCESS\" > \"${SCRIPT_OUTPUT_FILE_0}\"\n";
			showEnvVarsInLog = 0;
		};
		CBD8F135C30B85A02DE4519B /* [CP] Embed Pods Frameworks */ = {
			isa = PBXShellScriptBuildPhase;
			buildActionMask = 2147483647;
			files = (
			);
			inputFileListPaths = (
				"${PODS_ROOT}/Target Support Files/Pods-DooRiBon/Pods-DooRiBon-frameworks-${CONFIGURATION}-input-files.xcfilelist",
			);
			name = "[CP] Embed Pods Frameworks";
			outputFileListPaths = (
				"${PODS_ROOT}/Target Support Files/Pods-DooRiBon/Pods-DooRiBon-frameworks-${CONFIGURATION}-output-files.xcfilelist",
			);
			runOnlyForDeploymentPostprocessing = 0;
			shellPath = /bin/sh;
			shellScript = "\"${PODS_ROOT}/Target Support Files/Pods-DooRiBon/Pods-DooRiBon-frameworks.sh\"\n";
			showEnvVarsInLog = 0;
		};
/* End PBXShellScriptBuildPhase section */

/* Begin PBXSourcesBuildPhase section */
		BD75C2C0268B4B3800C4F233 /* Sources */ = {
			isa = PBXSourcesBuildPhase;
			buildActionMask = 2147483647;
			files = (
				BD6074BA269DFA0200CA62F3 /* AddBoardDataService.swift in Sources */,
				4097AC94269B0F9F00E34CCC /* MemberCodeCopyTableViewCell.swift in Sources */,
				40B5A092268EE35100A89875 /* AddTripViewController.swift in Sources */,
				BD6074DB269F2C4100CA62F3 /* BottomSheetView.swift in Sources */,
				BDCC367F2695DEAA009AE274 /* NoDataTableViewCell.swift in Sources */,
				BD75C2C8268B4B3800C4F233 /* AppDelegate.swift in Sources */,
				BD6074D4269ED7B900CA62F3 /* TripPlanDataService.swift in Sources */,
				BD0AD62626936A8A0033DAD8 /* TripViewController.swift in Sources */,
				4096A979269D6D1600EBDE56 /* AddTripDataModel.swift in Sources */,
				BDCC36772695C61C009AE274 /* PlanDataHeaderView.swift in Sources */,
				BD75C2CA268B4B3800C4F233 /* SceneDelegate.swift in Sources */,
				BD1725D7269D78F7000FB89B /* JoinTripDataService.swift in Sources */,
				3975958D269B569D008E8360 /* StyleQuestionViewController.swift in Sources */,
				BD0AD6222693653D0033DAD8 /* BoardViewController.swift in Sources */,
				0A278237269CAB410001591F /* AnswerView.swift in Sources */,
				408D1ADF26957D8F00BBC454 /* CalendarCell.swift in Sources */,
				BD75C2E7268B52BD00C4F233 /* MainViewController.swift in Sources */,
				BDA5626926994E2100616CBF /* DummyDataModel.swift in Sources */,
				4032098B269F2FB1003DCB8A /* StyleResultService.swift in Sources */,
				40299CBD269B66E400A4C9B6 /* StyleTestResultViewController.swift in Sources */,
				4095558E2695719A00130ACB /* AddDateViewController.swift in Sources */,
				BD6074ED26A0517700CA62F3 /* SplashViewController.swift in Sources */,
				BD0AD620269365050033DAD8 /* PlanViewController.swift in Sources */,
				BD6074D1269ED71600CA62F3 /* TripPlanDataModel.swift in Sources */,
				BD75C304268B5C7300C4F233 /* UIView+Extension.swift in Sources */,
				40AE782A268F7FED0058806B /* PhotoCollectionViewCell.swift in Sources */,
				39F21BA6269BDB4100673511 /* StyleQuestionDataModel.swift in Sources */,
				4073BC6726986B9600C5C7B0 /* MemberOurViewController.swift in Sources */,
				40253C8C269DAF220045620F /* AddTripImageService.swift in Sources */,
				4073BC6C26986FDA00C5C7B0 /* MemberOurTableViewModel.swift in Sources */,
				40076927269EF96A003C15ED /* PlanNavigationViewController.swift in Sources */,
				3976DFB8269D5BF400062059 /* GetMainDataService.swift in Sources */,
				0A1BD3BC268E1C6C00702EC5 /* PagerTabSampleViewController.swift in Sources */,
				399C7016269B28A40017069C /* MemberViewController.swift in Sources */,
				402E5203269DD62300635B41 /* AddTripPlanDataModel.swift in Sources */,
				BD1725D5269D77CE000FB89B /* JoinTripDataModel.swift in Sources */,
				40253C90269DB7250045620F /* UIImage+Extension.swift in Sources */,
				BD75C2F8268B58B500C4F233 /* ProtocolEmpty.swift in Sources */,
				40320989269F2F76003DCB8A /* StyleResultDataModel.swift in Sources */,
				40EBD324269F5D9600DFC057 /* TripInfoDataModel.swift in Sources */,
				BDCC367C2695DA66009AE274 /* PlanDataModel.swift in Sources */,
				39E35957269EFF290077B946 /* MemberProfileDataModel.swift in Sources */,
				BD75C2F6268B58AD00C4F233 /* ViewEmpty.swift in Sources */,
				40253C8E269DAFFF0045620F /* AddTripImageDateModel.swift in Sources */,
				39FC9D94269F6641002E12A5 /* JoinCompleteViewController.swift in Sources */,
				392EF94F269183F8008CA532 /* LastTripTableViewCell.swift in Sources */,
				39EAC4B22692E0FA00114734 /* StartTripViewController.swift in Sources */,
				40EBD321269F455400DFC057 /* EditTripService.swift in Sources */,
				BDF1C11F268E318C00C82CF6 /* ColorConstants.swift in Sources */,
				4073BC6E26986FEC00C5C7B0 /* MemberOurTableViewCell.swift in Sources */,
				40EBD31F269F44FF00DFC057 /* EditTripDataModel.swift in Sources */,
				40EBD327269F5DFB00DFC057 /* TripInformService.swift in Sources */,
				BD1725CB269CB39F000FB89B /* NetworkInfo.swift in Sources */,
				BD5EEC8F269848D800D09B11 /* TripTopView.swift in Sources */,
				39865B36268F7DF700961BF4 /* CALayer+Extension.swift in Sources */,
				40AE782E268F81E20058806B /* PhotoCollectionViewModel.swift in Sources */,
				399C7010269B27C80017069C /* styleQuestionListDataModel.swift in Sources */,
				39F21BA4269BD83400673511 /* AnswerCollectionViewCell.swift in Sources */,
				BD75C2FA268B58E000C4F233 /* APIConstants.swift in Sources */,
				399C700A269B27840017069C /* QuestionCell.swift in Sources */,
				39E3595A269F00730077B946 /* GetMemberProfileDataService.swift in Sources */,
				393691FC269EB84D003348A7 /* WithPopupView.swift in Sources */,
				40076923269EF4C1003C15ED /* MemberNaigationViewController.swift in Sources */,
				BD55F44126919C2B004E7114 /* JoinTripViewController.swift in Sources */,
				3976DFB6269D5AEC00062059 /* MainDataModel.swift in Sources */,
				409E26D42699D91E001C5CED /* MemberHeaderView.swift in Sources */,
				4091C63B2692266A009EDB60 /* AddTripPlanViewController.swift in Sources */,
				BD5CBC432694961C00935E79 /* DateCollectionViewCell.swift in Sources */,
				BD75C2E9268B575E00C4F233 /* Device.swift in Sources */,
				BD172595269C14B2000FB89B /* BoardPopupView.swift in Sources */,
				0A88A010269493E000A4EBD0 /* PopupView.swift in Sources */,
				BD6074E1269F6ED700CA62F3 /* ScheduleDataService.swift in Sources */,
				BD6074BC269E015E00CA62F3 /* BoardSectionHeaderView.swift in Sources */,
				39369205269EC6FB003348A7 /* MemberPopupDataModel.swift in Sources */,
				BD1725C9269CA04F000FB89B /* NetworkResult.swift in Sources */,
				4057E82E269F0DAA00DE024D /* StyleTestService.swift in Sources */,
				BD6074DD269F6DE800CA62F3 /* ScheduleDataModel.swift in Sources */,
				BD75C302268B5BDF00C4F233 /* FontEmpty.swift in Sources */,
				40076925269EF7B8003C15ED /* BoardNavigationViewController.swift in Sources */,
				BD5B425E2695ABBE0002A290 /* PlanDataTableViewCell.swift in Sources */,
				402E5205269DD67500635B41 /* AddTripPlanService.swift in Sources */,
				393691FF269EBFF6003348A7 /* MemberPopupCollectionViewCell.swift in Sources */,
				BD6074B5269DF8AD00CA62F3 /* AddBoardRequest.swift in Sources */,
				0A1BD3BA268E193E00702EC5 /* PagerTab.swift in Sources */,
				BD4EF4912691CB8300A6362D /* CodeTextField.swift in Sources */,
				399C7012269B27E60017069C /* StyleQuestionTableViewCell.swift in Sources */,
				BD7B4C7E2697253C00DCCA03 /* ToastView.swift in Sources */,
				BDA5626C2699962B00616CBF /* BoardTableViewCell.swift in Sources */,
				4096A977269D6D0000EBDE56 /* AddTripService.swift in Sources */,
				BD75C300268B5BA800C4F233 /* UIFont+Extension.swift in Sources */,
				BD6074B7269DF92700CA62F3 /* BoardResponse.swift in Sources */,
				39FC9D8F269F6604002E12A5 /* CheckTripViewController.swift in Sources */,
				BD6074B7269DF92700CA62F3 /* BoardResponse.swift in Sources */,
				BD5EEC9426986AB100D09B11 /* BoardNoDataTableViewCell.swift in Sources */,
				40A0EA42269C4596009EDE74 /* NibConstants.swift in Sources */,
				392EF95126918450008CA532 /* ComeTripCollectionViewCell.swift in Sources */,
				4097AC92269B0E5700E34CCC /* MemberStartTableViewCell.swift in Sources */,
				399C700B269B27840017069C /* TakeLookViewController.swift in Sources */,
				0A88A0142694A61800A4EBD0 /* UIApplication+Extension.swift in Sources */,
			);
			runOnlyForDeploymentPostprocessing = 0;
		};
/* End PBXSourcesBuildPhase section */

/* Begin PBXVariantGroup section */
		BD75C2D2268B4B3900C4F233 /* LaunchScreen.storyboard */ = {
			isa = PBXVariantGroup;
			children = (
				BD75C2D3268B4B3900C4F233 /* Base */,
			);
			name = LaunchScreen.storyboard;
			sourceTree = "<group>";
		};
/* End PBXVariantGroup section */

/* Begin XCBuildConfiguration section */
		BD75C2D6268B4B3900C4F233 /* Debug */ = {
			isa = XCBuildConfiguration;
			buildSettings = {
				ALWAYS_SEARCH_USER_PATHS = NO;
				CLANG_ANALYZER_NONNULL = YES;
				CLANG_ANALYZER_NUMBER_OBJECT_CONVERSION = YES_AGGRESSIVE;
				CLANG_CXX_LANGUAGE_STANDARD = "gnu++14";
				CLANG_CXX_LIBRARY = "libc++";
				CLANG_ENABLE_MODULES = YES;
				CLANG_ENABLE_OBJC_ARC = YES;
				CLANG_ENABLE_OBJC_WEAK = YES;
				CLANG_WARN_BLOCK_CAPTURE_AUTORELEASING = YES;
				CLANG_WARN_BOOL_CONVERSION = YES;
				CLANG_WARN_COMMA = YES;
				CLANG_WARN_CONSTANT_CONVERSION = YES;
				CLANG_WARN_DEPRECATED_OBJC_IMPLEMENTATIONS = YES;
				CLANG_WARN_DIRECT_OBJC_ISA_USAGE = YES_ERROR;
				CLANG_WARN_DOCUMENTATION_COMMENTS = YES;
				CLANG_WARN_EMPTY_BODY = YES;
				CLANG_WARN_ENUM_CONVERSION = YES;
				CLANG_WARN_INFINITE_RECURSION = YES;
				CLANG_WARN_INT_CONVERSION = YES;
				CLANG_WARN_NON_LITERAL_NULL_CONVERSION = YES;
				CLANG_WARN_OBJC_IMPLICIT_RETAIN_SELF = YES;
				CLANG_WARN_OBJC_LITERAL_CONVERSION = YES;
				CLANG_WARN_OBJC_ROOT_CLASS = YES_ERROR;
				CLANG_WARN_QUOTED_INCLUDE_IN_FRAMEWORK_HEADER = YES;
				CLANG_WARN_RANGE_LOOP_ANALYSIS = YES;
				CLANG_WARN_STRICT_PROTOTYPES = YES;
				CLANG_WARN_SUSPICIOUS_MOVE = YES;
				CLANG_WARN_UNGUARDED_AVAILABILITY = YES_AGGRESSIVE;
				CLANG_WARN_UNREACHABLE_CODE = YES;
				CLANG_WARN__DUPLICATE_METHOD_MATCH = YES;
				COPY_PHASE_STRIP = NO;
				DEBUG_INFORMATION_FORMAT = dwarf;
				ENABLE_STRICT_OBJC_MSGSEND = YES;
				ENABLE_TESTABILITY = YES;
				GCC_C_LANGUAGE_STANDARD = gnu11;
				GCC_DYNAMIC_NO_PIC = NO;
				GCC_NO_COMMON_BLOCKS = YES;
				GCC_OPTIMIZATION_LEVEL = 0;
				GCC_PREPROCESSOR_DEFINITIONS = (
					"DEBUG=1",
					"$(inherited)",
				);
				GCC_WARN_64_TO_32_BIT_CONVERSION = YES;
				GCC_WARN_ABOUT_RETURN_TYPE = YES_ERROR;
				GCC_WARN_UNDECLARED_SELECTOR = YES;
				GCC_WARN_UNINITIALIZED_AUTOS = YES_AGGRESSIVE;
				GCC_WARN_UNUSED_FUNCTION = YES;
				GCC_WARN_UNUSED_VARIABLE = YES;
				IPHONEOS_DEPLOYMENT_TARGET = 13.0;
				MTL_ENABLE_DEBUG_INFO = INCLUDE_SOURCE;
				MTL_FAST_MATH = YES;
				ONLY_ACTIVE_ARCH = YES;
				SDKROOT = iphoneos;
				SWIFT_ACTIVE_COMPILATION_CONDITIONS = DEBUG;
				SWIFT_OPTIMIZATION_LEVEL = "-Onone";
			};
			name = Debug;
		};
		BD75C2D7268B4B3900C4F233 /* Release */ = {
			isa = XCBuildConfiguration;
			buildSettings = {
				ALWAYS_SEARCH_USER_PATHS = NO;
				CLANG_ANALYZER_NONNULL = YES;
				CLANG_ANALYZER_NUMBER_OBJECT_CONVERSION = YES_AGGRESSIVE;
				CLANG_CXX_LANGUAGE_STANDARD = "gnu++14";
				CLANG_CXX_LIBRARY = "libc++";
				CLANG_ENABLE_MODULES = YES;
				CLANG_ENABLE_OBJC_ARC = YES;
				CLANG_ENABLE_OBJC_WEAK = YES;
				CLANG_WARN_BLOCK_CAPTURE_AUTORELEASING = YES;
				CLANG_WARN_BOOL_CONVERSION = YES;
				CLANG_WARN_COMMA = YES;
				CLANG_WARN_CONSTANT_CONVERSION = YES;
				CLANG_WARN_DEPRECATED_OBJC_IMPLEMENTATIONS = YES;
				CLANG_WARN_DIRECT_OBJC_ISA_USAGE = YES_ERROR;
				CLANG_WARN_DOCUMENTATION_COMMENTS = YES;
				CLANG_WARN_EMPTY_BODY = YES;
				CLANG_WARN_ENUM_CONVERSION = YES;
				CLANG_WARN_INFINITE_RECURSION = YES;
				CLANG_WARN_INT_CONVERSION = YES;
				CLANG_WARN_NON_LITERAL_NULL_CONVERSION = YES;
				CLANG_WARN_OBJC_IMPLICIT_RETAIN_SELF = YES;
				CLANG_WARN_OBJC_LITERAL_CONVERSION = YES;
				CLANG_WARN_OBJC_ROOT_CLASS = YES_ERROR;
				CLANG_WARN_QUOTED_INCLUDE_IN_FRAMEWORK_HEADER = YES;
				CLANG_WARN_RANGE_LOOP_ANALYSIS = YES;
				CLANG_WARN_STRICT_PROTOTYPES = YES;
				CLANG_WARN_SUSPICIOUS_MOVE = YES;
				CLANG_WARN_UNGUARDED_AVAILABILITY = YES_AGGRESSIVE;
				CLANG_WARN_UNREACHABLE_CODE = YES;
				CLANG_WARN__DUPLICATE_METHOD_MATCH = YES;
				COPY_PHASE_STRIP = NO;
				DEBUG_INFORMATION_FORMAT = "dwarf-with-dsym";
				ENABLE_NS_ASSERTIONS = NO;
				ENABLE_STRICT_OBJC_MSGSEND = YES;
				GCC_C_LANGUAGE_STANDARD = gnu11;
				GCC_NO_COMMON_BLOCKS = YES;
				GCC_WARN_64_TO_32_BIT_CONVERSION = YES;
				GCC_WARN_ABOUT_RETURN_TYPE = YES_ERROR;
				GCC_WARN_UNDECLARED_SELECTOR = YES;
				GCC_WARN_UNINITIALIZED_AUTOS = YES_AGGRESSIVE;
				GCC_WARN_UNUSED_FUNCTION = YES;
				GCC_WARN_UNUSED_VARIABLE = YES;
				IPHONEOS_DEPLOYMENT_TARGET = 13.0;
				MTL_ENABLE_DEBUG_INFO = NO;
				MTL_FAST_MATH = YES;
				SDKROOT = iphoneos;
				SWIFT_COMPILATION_MODE = wholemodule;
				SWIFT_OPTIMIZATION_LEVEL = "-O";
				VALIDATE_PRODUCT = YES;
			};
			name = Release;
		};
		BD75C2D9268B4B3900C4F233 /* Debug */ = {
			isa = XCBuildConfiguration;
			baseConfigurationReference = 37539EC5FA070D675C5829FF /* Pods-DooRiBon.debug.xcconfig */;
			buildSettings = {
				ASSETCATALOG_COMPILER_APPICON_NAME = AppIcon;
				ASSETCATALOG_COMPILER_GLOBAL_ACCENT_COLOR_NAME = AccentColor;
				CODE_SIGN_STYLE = Automatic;
				DEVELOPMENT_TEAM = 4QG3GC35LA;
				INFOPLIST_FILE = DooRiBon/Application/Info.plist;
				LD_RUNPATH_SEARCH_PATHS = (
					"$(inherited)",
					"@executable_path/Frameworks",
				);
				PRODUCT_BUNDLE_IDENTIFIER = com.dooriboncorp.DooRiBon;
				PRODUCT_NAME = "$(TARGET_NAME)";
				SWIFT_VERSION = 5.0;
				TARGETED_DEVICE_FAMILY = "1,2";
			};
			name = Debug;
		};
		BD75C2DA268B4B3900C4F233 /* Release */ = {
			isa = XCBuildConfiguration;
			baseConfigurationReference = 865B67CA1EA48E50F6BF455F /* Pods-DooRiBon.release.xcconfig */;
			buildSettings = {
				ASSETCATALOG_COMPILER_APPICON_NAME = AppIcon;
				ASSETCATALOG_COMPILER_GLOBAL_ACCENT_COLOR_NAME = AccentColor;
				CODE_SIGN_STYLE = Automatic;
				DEVELOPMENT_TEAM = 4QG3GC35LA;
				INFOPLIST_FILE = DooRiBon/Application/Info.plist;
				LD_RUNPATH_SEARCH_PATHS = (
					"$(inherited)",
					"@executable_path/Frameworks",
				);
				PRODUCT_BUNDLE_IDENTIFIER = com.dooriboncorp.DooRiBon;
				PRODUCT_NAME = "$(TARGET_NAME)";
				SWIFT_VERSION = 5.0;
				TARGETED_DEVICE_FAMILY = "1,2";
			};
			name = Release;
		};
/* End XCBuildConfiguration section */

/* Begin XCConfigurationList section */
		BD75C2BF268B4B3700C4F233 /* Build configuration list for PBXProject "DooRiBon" */ = {
			isa = XCConfigurationList;
			buildConfigurations = (
				BD75C2D6268B4B3900C4F233 /* Debug */,
				BD75C2D7268B4B3900C4F233 /* Release */,
			);
			defaultConfigurationIsVisible = 0;
			defaultConfigurationName = Release;
		};
		BD75C2D8268B4B3900C4F233 /* Build configuration list for PBXNativeTarget "DooRiBon" */ = {
			isa = XCConfigurationList;
			buildConfigurations = (
				BD75C2D9268B4B3900C4F233 /* Debug */,
				BD75C2DA268B4B3900C4F233 /* Release */,
			);
			defaultConfigurationIsVisible = 0;
			defaultConfigurationName = Release;
		};
/* End XCConfigurationList section */
	};
	rootObject = BD75C2BC268B4B3700C4F233 /* Project object */;
}
