// !$*UTF8*$!
{
	archiveVersion = 1;
	classes = {
	};
	objectVersion = 51;
	objects = {

/* Begin PBXBuildFile section */
		0A1BD3BA268E193E00702EC5 /* PagerTab.swift in Sources */ = {isa = PBXBuildFile; fileRef = 0A1BD3B9268E193E00702EC5 /* PagerTab.swift */; };
		0A1BD3BC268E1C6C00702EC5 /* PagerTabSampleViewController.swift in Sources */ = {isa = PBXBuildFile; fileRef = 0A1BD3BB268E1C6C00702EC5 /* PagerTabSampleViewController.swift */; };
		0A1BD3C0268E1E3D00702EC5 /* PagerTabSampleViewControllerStoryboard.storyboard in Resources */ = {isa = PBXBuildFile; fileRef = 0A1BD3BF268E1E3D00702EC5 /* PagerTabSampleViewControllerStoryboard.storyboard */; };
		0A88A010269493E000A4EBD0 /* PopupView.swift in Sources */ = {isa = PBXBuildFile; fileRef = 0A88A00F269493E000A4EBD0 /* PopupView.swift */; };
		0A88A0122694941F00A4EBD0 /* PopupView.xib in Resources */ = {isa = PBXBuildFile; fileRef = 0A88A0112694941E00A4EBD0 /* PopupView.xib */; };
		0A88A0142694A61800A4EBD0 /* UIApplication+Extension.swift in Sources */ = {isa = PBXBuildFile; fileRef = 0A88A0132694A61800A4EBD0 /* UIApplication+Extension.swift */; };
		0BBB0E3F1275A841053DEF43 /* Pods_DooRiBon.framework in Frameworks */ = {isa = PBXBuildFile; fileRef = 4BD67503EA76B9E8E80971F1 /* Pods_DooRiBon.framework */; };
		39865B36268F7DF700961BF4 /* CALayer+Extension.swift in Sources */ = {isa = PBXBuildFile; fileRef = 39865B35268F7DF700961BF4 /* CALayer+Extension.swift */; };
		408D1ADF26957D8F00BBC454 /* CalendarCell.swift in Sources */ = {isa = PBXBuildFile; fileRef = 408D1ADE26957D8F00BBC454 /* CalendarCell.swift */; };
		4091C6392692265E009EDB60 /* AddTripPlanStoryboard.storyboard in Resources */ = {isa = PBXBuildFile; fileRef = 4091C6382692265E009EDB60 /* AddTripPlanStoryboard.storyboard */; };
		4091C63B2692266A009EDB60 /* AddTripPlanViewController.swift in Sources */ = {isa = PBXBuildFile; fileRef = 4091C63A2692266A009EDB60 /* AddTripPlanViewController.swift */; };
		4095558C2695718D00130ACB /* AddDateStoryboard.storyboard in Resources */ = {isa = PBXBuildFile; fileRef = 4095558B2695718D00130ACB /* AddDateStoryboard.storyboard */; };
		4095558E2695719A00130ACB /* AddDateViewController.swift in Sources */ = {isa = PBXBuildFile; fileRef = 4095558D2695719A00130ACB /* AddDateViewController.swift */; };
		40AE782A268F7FED0058806B /* PhotoCollectionViewCell.swift in Sources */ = {isa = PBXBuildFile; fileRef = 40AE7828268F7FED0058806B /* PhotoCollectionViewCell.swift */; };
		40AE782B268F7FED0058806B /* PhotoCollectionViewCell.xib in Resources */ = {isa = PBXBuildFile; fileRef = 40AE7829268F7FED0058806B /* PhotoCollectionViewCell.xib */; };
		40AE782E268F81E20058806B /* PhotoCollectionViewModel.swift in Sources */ = {isa = PBXBuildFile; fileRef = 40AE782D268F81E20058806B /* PhotoCollectionViewModel.swift */; };
		40B5A090268EE2E500A89875 /* AddTripStoryboard.storyboard in Resources */ = {isa = PBXBuildFile; fileRef = 40B5A08F268EE2E500A89875 /* AddTripStoryboard.storyboard */; };
		40B5A092268EE35100A89875 /* AddTripViewController.swift in Sources */ = {isa = PBXBuildFile; fileRef = 40B5A091268EE35100A89875 /* AddTripViewController.swift */; };
		BD0AD60E269361D50033DAD8 /* TripStoryboard.storyboard in Resources */ = {isa = PBXBuildFile; fileRef = BD0AD60D269361D50033DAD8 /* TripStoryboard.storyboard */; };
		BD0AD616269363D10033DAD8 /* MemberStoryboard.storyboard in Resources */ = {isa = PBXBuildFile; fileRef = BD0AD615269363D10033DAD8 /* MemberStoryboard.storyboard */; };
		BD0AD618269363D90033DAD8 /* PlanStoryboard.storyboard in Resources */ = {isa = PBXBuildFile; fileRef = BD0AD617269363D90033DAD8 /* PlanStoryboard.storyboard */; };
		BD0AD61A269363E30033DAD8 /* BoardStoryboard.storyboard in Resources */ = {isa = PBXBuildFile; fileRef = BD0AD619269363E30033DAD8 /* BoardStoryboard.storyboard */; };
		BD0AD61C269363ED0033DAD8 /* StoreStoryboard.storyboard in Resources */ = {isa = PBXBuildFile; fileRef = BD0AD61B269363ED0033DAD8 /* StoreStoryboard.storyboard */; };
		BD0AD620269365050033DAD8 /* PlanViewController.swift in Sources */ = {isa = PBXBuildFile; fileRef = BD0AD61F269365050033DAD8 /* PlanViewController.swift */; };
		BD0AD6222693653D0033DAD8 /* BoardViewController.swift in Sources */ = {isa = PBXBuildFile; fileRef = BD0AD6212693653D0033DAD8 /* BoardViewController.swift */; };
		BD0AD6242693655E0033DAD8 /* StoreViewController.swift in Sources */ = {isa = PBXBuildFile; fileRef = BD0AD6232693655E0033DAD8 /* StoreViewController.swift */; };
		BD0AD62626936A8A0033DAD8 /* TripViewController.swift in Sources */ = {isa = PBXBuildFile; fileRef = BD0AD62526936A8A0033DAD8 /* TripViewController.swift */; };
		BD39D4FC268DE80D004714B6 /* SpoqaHanSansNeo-Regular.ttf in Resources */ = {isa = PBXBuildFile; fileRef = BD39D4F7268DE80D004714B6 /* SpoqaHanSansNeo-Regular.ttf */; };
		BD39D4FD268DE80D004714B6 /* SpoqaHanSansNeo-Medium.ttf in Resources */ = {isa = PBXBuildFile; fileRef = BD39D4F8268DE80D004714B6 /* SpoqaHanSansNeo-Medium.ttf */; };
		BD39D4FE268DE80D004714B6 /* SpoqaHanSansNeo-Thin.ttf in Resources */ = {isa = PBXBuildFile; fileRef = BD39D4F9268DE80D004714B6 /* SpoqaHanSansNeo-Thin.ttf */; };
		BD39D4FF268DE80D004714B6 /* SpoqaHanSansNeo-Bold.ttf in Resources */ = {isa = PBXBuildFile; fileRef = BD39D4FA268DE80D004714B6 /* SpoqaHanSansNeo-Bold.ttf */; };
		BD39D500268DE80D004714B6 /* SpoqaHanSansNeo-Light.ttf in Resources */ = {isa = PBXBuildFile; fileRef = BD39D4FB268DE80D004714B6 /* SpoqaHanSansNeo-Light.ttf */; };
		BD4EF4912691CB8300A6362D /* CodeTextField.swift in Sources */ = {isa = PBXBuildFile; fileRef = BD4EF4902691CB8300A6362D /* CodeTextField.swift */; };
		BD55F43F26919C17004E7114 /* JoinTripStoryboard.storyboard in Resources */ = {isa = PBXBuildFile; fileRef = BD55F43E26919C17004E7114 /* JoinTripStoryboard.storyboard */; };
		BD55F44126919C2B004E7114 /* JoinTripViewController.swift in Sources */ = {isa = PBXBuildFile; fileRef = BD55F44026919C2B004E7114 /* JoinTripViewController.swift */; };
		BD5CBC432694961C00935E79 /* DateCollectionViewCell.swift in Sources */ = {isa = PBXBuildFile; fileRef = BD5CBC412694961C00935E79 /* DateCollectionViewCell.swift */; };
		BD5CBC442694961C00935E79 /* DateCollectionViewCell.xib in Resources */ = {isa = PBXBuildFile; fileRef = BD5CBC422694961C00935E79 /* DateCollectionViewCell.xib */; };
		BD75C2C8268B4B3800C4F233 /* AppDelegate.swift in Sources */ = {isa = PBXBuildFile; fileRef = BD75C2C7268B4B3800C4F233 /* AppDelegate.swift */; };
		BD75C2CA268B4B3800C4F233 /* SceneDelegate.swift in Sources */ = {isa = PBXBuildFile; fileRef = BD75C2C9268B4B3800C4F233 /* SceneDelegate.swift */; };
		BD75C2D1268B4B3900C4F233 /* Assets.xcassets in Resources */ = {isa = PBXBuildFile; fileRef = BD75C2D0268B4B3900C4F233 /* Assets.xcassets */; };
		BD75C2D4268B4B3900C4F233 /* LaunchScreen.storyboard in Resources */ = {isa = PBXBuildFile; fileRef = BD75C2D2268B4B3900C4F233 /* LaunchScreen.storyboard */; };
		BD75C2E5268B52AD00C4F233 /* MainStoryboard.storyboard in Resources */ = {isa = PBXBuildFile; fileRef = BD75C2E4268B52AD00C4F233 /* MainStoryboard.storyboard */; };
		BD75C2E7268B52BD00C4F233 /* MainViewController.swift in Sources */ = {isa = PBXBuildFile; fileRef = BD75C2E6268B52BD00C4F233 /* MainViewController.swift */; };
		BD75C2E9268B575E00C4F233 /* Device.swift in Sources */ = {isa = PBXBuildFile; fileRef = BD75C2E8268B575E00C4F233 /* Device.swift */; };
		BD75C2EC268B57E700C4F233 /* CellEmpty.swift in Sources */ = {isa = PBXBuildFile; fileRef = BD75C2EB268B57E700C4F233 /* CellEmpty.swift */; };
		BD75C2EF268B580900C4F233 /* ServiceEmpty.swift in Sources */ = {isa = PBXBuildFile; fileRef = BD75C2EE268B580900C4F233 /* ServiceEmpty.swift */; };
		BD75C2F2268B582A00C4F233 /* ModelEmpty.swift in Sources */ = {isa = PBXBuildFile; fileRef = BD75C2F1268B582A00C4F233 /* ModelEmpty.swift */; };
		BD75C2F6268B58AD00C4F233 /* ViewEmpty.swift in Sources */ = {isa = PBXBuildFile; fileRef = BD75C2F5268B58AD00C4F233 /* ViewEmpty.swift */; };
		BD75C2F8268B58B500C4F233 /* ProtocolEmpty.swift in Sources */ = {isa = PBXBuildFile; fileRef = BD75C2F7268B58B500C4F233 /* ProtocolEmpty.swift */; };
		BD75C2FA268B58E000C4F233 /* APIConstants.swift in Sources */ = {isa = PBXBuildFile; fileRef = BD75C2F9268B58E000C4F233 /* APIConstants.swift */; };
		BD75C300268B5BA800C4F233 /* UIFont+Extension.swift in Sources */ = {isa = PBXBuildFile; fileRef = BD75C2FF268B5BA800C4F233 /* UIFont+Extension.swift */; };
		BD75C302268B5BDF00C4F233 /* FontEmpty.swift in Sources */ = {isa = PBXBuildFile; fileRef = BD75C301268B5BDF00C4F233 /* FontEmpty.swift */; };
		BD75C304268B5C7300C4F233 /* UIView+Extension.swift in Sources */ = {isa = PBXBuildFile; fileRef = BD75C303268B5C7300C4F233 /* UIView+Extension.swift */; };
		BDF1C11A268E287900C82CF6 /* Colors.xcassets in Resources */ = {isa = PBXBuildFile; fileRef = BDF1C119268E287900C82CF6 /* Colors.xcassets */; };
		BDF1C11F268E318C00C82CF6 /* ColorConstants.swift in Sources */ = {isa = PBXBuildFile; fileRef = BDF1C11E268E318C00C82CF6 /* ColorConstants.swift */; };
/* End PBXBuildFile section */

/* Begin PBXFileReference section */
		0A1BD3B9268E193E00702EC5 /* PagerTab.swift */ = {isa = PBXFileReference; lastKnownFileType = sourcecode.swift; path = PagerTab.swift; sourceTree = "<group>"; };
		0A1BD3BB268E1C6C00702EC5 /* PagerTabSampleViewController.swift */ = {isa = PBXFileReference; lastKnownFileType = sourcecode.swift; path = PagerTabSampleViewController.swift; sourceTree = "<group>"; };
		0A1BD3BF268E1E3D00702EC5 /* PagerTabSampleViewControllerStoryboard.storyboard */ = {isa = PBXFileReference; lastKnownFileType = file.storyboard; path = PagerTabSampleViewControllerStoryboard.storyboard; sourceTree = "<group>"; };
		0A88A00F269493E000A4EBD0 /* PopupView.swift */ = {isa = PBXFileReference; lastKnownFileType = sourcecode.swift; path = PopupView.swift; sourceTree = "<group>"; };
		0A88A0112694941E00A4EBD0 /* PopupView.xib */ = {isa = PBXFileReference; fileEncoding = 4; lastKnownFileType = file.xib; path = PopupView.xib; sourceTree = "<group>"; };
		0A88A0132694A61800A4EBD0 /* UIApplication+Extension.swift */ = {isa = PBXFileReference; lastKnownFileType = sourcecode.swift; path = "UIApplication+Extension.swift"; sourceTree = "<group>"; };
		37539EC5FA070D675C5829FF /* Pods-DooRiBon.debug.xcconfig */ = {isa = PBXFileReference; includeInIndex = 1; lastKnownFileType = text.xcconfig; name = "Pods-DooRiBon.debug.xcconfig"; path = "Target Support Files/Pods-DooRiBon/Pods-DooRiBon.debug.xcconfig"; sourceTree = "<group>"; };
		39865B35268F7DF700961BF4 /* CALayer+Extension.swift */ = {isa = PBXFileReference; lastKnownFileType = sourcecode.swift; path = "CALayer+Extension.swift"; sourceTree = "<group>"; };
		408D1ADE26957D8F00BBC454 /* CalendarCell.swift */ = {isa = PBXFileReference; lastKnownFileType = sourcecode.swift; path = CalendarCell.swift; sourceTree = "<group>"; };
		4091C6382692265E009EDB60 /* AddTripPlanStoryboard.storyboard */ = {isa = PBXFileReference; lastKnownFileType = file.storyboard; path = AddTripPlanStoryboard.storyboard; sourceTree = "<group>"; };
		4091C63A2692266A009EDB60 /* AddTripPlanViewController.swift */ = {isa = PBXFileReference; lastKnownFileType = sourcecode.swift; path = AddTripPlanViewController.swift; sourceTree = "<group>"; };
		4095558B2695718D00130ACB /* AddDateStoryboard.storyboard */ = {isa = PBXFileReference; lastKnownFileType = file.storyboard; path = AddDateStoryboard.storyboard; sourceTree = "<group>"; };
		4095558D2695719A00130ACB /* AddDateViewController.swift */ = {isa = PBXFileReference; lastKnownFileType = sourcecode.swift; path = AddDateViewController.swift; sourceTree = "<group>"; };
		40AE7828268F7FED0058806B /* PhotoCollectionViewCell.swift */ = {isa = PBXFileReference; lastKnownFileType = sourcecode.swift; path = PhotoCollectionViewCell.swift; sourceTree = "<group>"; };
		40AE7829268F7FED0058806B /* PhotoCollectionViewCell.xib */ = {isa = PBXFileReference; lastKnownFileType = file.xib; path = PhotoCollectionViewCell.xib; sourceTree = "<group>"; };
		40AE782D268F81E20058806B /* PhotoCollectionViewModel.swift */ = {isa = PBXFileReference; lastKnownFileType = sourcecode.swift; path = PhotoCollectionViewModel.swift; sourceTree = "<group>"; };
		40B5A08F268EE2E500A89875 /* AddTripStoryboard.storyboard */ = {isa = PBXFileReference; lastKnownFileType = file.storyboard; path = AddTripStoryboard.storyboard; sourceTree = "<group>"; };
		40B5A091268EE35100A89875 /* AddTripViewController.swift */ = {isa = PBXFileReference; lastKnownFileType = sourcecode.swift; path = AddTripViewController.swift; sourceTree = "<group>"; };
		4BD67503EA76B9E8E80971F1 /* Pods_DooRiBon.framework */ = {isa = PBXFileReference; explicitFileType = wrapper.framework; includeInIndex = 0; path = Pods_DooRiBon.framework; sourceTree = BUILT_PRODUCTS_DIR; };
		865B67CA1EA48E50F6BF455F /* Pods-DooRiBon.release.xcconfig */ = {isa = PBXFileReference; includeInIndex = 1; lastKnownFileType = text.xcconfig; name = "Pods-DooRiBon.release.xcconfig"; path = "Target Support Files/Pods-DooRiBon/Pods-DooRiBon.release.xcconfig"; sourceTree = "<group>"; };
		BD0AD60D269361D50033DAD8 /* TripStoryboard.storyboard */ = {isa = PBXFileReference; lastKnownFileType = file.storyboard; path = TripStoryboard.storyboard; sourceTree = "<group>"; };
		BD0AD615269363D10033DAD8 /* MemberStoryboard.storyboard */ = {isa = PBXFileReference; lastKnownFileType = file.storyboard; path = MemberStoryboard.storyboard; sourceTree = "<group>"; };
		BD0AD617269363D90033DAD8 /* PlanStoryboard.storyboard */ = {isa = PBXFileReference; lastKnownFileType = file.storyboard; path = PlanStoryboard.storyboard; sourceTree = "<group>"; };
		BD0AD619269363E30033DAD8 /* BoardStoryboard.storyboard */ = {isa = PBXFileReference; lastKnownFileType = file.storyboard; path = BoardStoryboard.storyboard; sourceTree = "<group>"; };
		BD0AD61B269363ED0033DAD8 /* StoreStoryboard.storyboard */ = {isa = PBXFileReference; lastKnownFileType = file.storyboard; path = StoreStoryboard.storyboard; sourceTree = "<group>"; };
		BD0AD61F269365050033DAD8 /* PlanViewController.swift */ = {isa = PBXFileReference; lastKnownFileType = sourcecode.swift; path = PlanViewController.swift; sourceTree = "<group>"; };
		BD0AD6212693653D0033DAD8 /* BoardViewController.swift */ = {isa = PBXFileReference; lastKnownFileType = sourcecode.swift; path = BoardViewController.swift; sourceTree = "<group>"; };
		BD0AD6232693655E0033DAD8 /* StoreViewController.swift */ = {isa = PBXFileReference; lastKnownFileType = sourcecode.swift; path = StoreViewController.swift; sourceTree = "<group>"; };
		BD0AD62526936A8A0033DAD8 /* TripViewController.swift */ = {isa = PBXFileReference; lastKnownFileType = sourcecode.swift; path = TripViewController.swift; sourceTree = "<group>"; };
		BD39D4F7268DE80D004714B6 /* SpoqaHanSansNeo-Regular.ttf */ = {isa = PBXFileReference; lastKnownFileType = file; path = "SpoqaHanSansNeo-Regular.ttf"; sourceTree = "<group>"; };
		BD39D4F8268DE80D004714B6 /* SpoqaHanSansNeo-Medium.ttf */ = {isa = PBXFileReference; lastKnownFileType = file; path = "SpoqaHanSansNeo-Medium.ttf"; sourceTree = "<group>"; };
		BD39D4F9268DE80D004714B6 /* SpoqaHanSansNeo-Thin.ttf */ = {isa = PBXFileReference; lastKnownFileType = file; path = "SpoqaHanSansNeo-Thin.ttf"; sourceTree = "<group>"; };
		BD39D4FA268DE80D004714B6 /* SpoqaHanSansNeo-Bold.ttf */ = {isa = PBXFileReference; lastKnownFileType = file; path = "SpoqaHanSansNeo-Bold.ttf"; sourceTree = "<group>"; };
		BD39D4FB268DE80D004714B6 /* SpoqaHanSansNeo-Light.ttf */ = {isa = PBXFileReference; lastKnownFileType = file; path = "SpoqaHanSansNeo-Light.ttf"; sourceTree = "<group>"; };
		BD4EF4902691CB8300A6362D /* CodeTextField.swift */ = {isa = PBXFileReference; lastKnownFileType = sourcecode.swift; path = CodeTextField.swift; sourceTree = "<group>"; };
		BD55F43E26919C17004E7114 /* JoinTripStoryboard.storyboard */ = {isa = PBXFileReference; lastKnownFileType = file.storyboard; path = JoinTripStoryboard.storyboard; sourceTree = "<group>"; };
		BD55F44026919C2B004E7114 /* JoinTripViewController.swift */ = {isa = PBXFileReference; lastKnownFileType = sourcecode.swift; path = JoinTripViewController.swift; sourceTree = "<group>"; };
		BD5CBC412694961C00935E79 /* DateCollectionViewCell.swift */ = {isa = PBXFileReference; lastKnownFileType = sourcecode.swift; path = DateCollectionViewCell.swift; sourceTree = "<group>"; };
		BD5CBC422694961C00935E79 /* DateCollectionViewCell.xib */ = {isa = PBXFileReference; lastKnownFileType = file.xib; path = DateCollectionViewCell.xib; sourceTree = "<group>"; };
		BD75C2C4268B4B3800C4F233 /* DooRiBon.app */ = {isa = PBXFileReference; explicitFileType = wrapper.application; includeInIndex = 0; path = DooRiBon.app; sourceTree = BUILT_PRODUCTS_DIR; };
		BD75C2C7268B4B3800C4F233 /* AppDelegate.swift */ = {isa = PBXFileReference; lastKnownFileType = sourcecode.swift; path = AppDelegate.swift; sourceTree = "<group>"; };
		BD75C2C9268B4B3800C4F233 /* SceneDelegate.swift */ = {isa = PBXFileReference; lastKnownFileType = sourcecode.swift; path = SceneDelegate.swift; sourceTree = "<group>"; };
		BD75C2D0268B4B3900C4F233 /* Assets.xcassets */ = {isa = PBXFileReference; lastKnownFileType = folder.assetcatalog; path = Assets.xcassets; sourceTree = "<group>"; };
		BD75C2D3268B4B3900C4F233 /* Base */ = {isa = PBXFileReference; lastKnownFileType = file.storyboard; name = Base; path = Base.lproj/LaunchScreen.storyboard; sourceTree = "<group>"; };
		BD75C2D5268B4B3900C4F233 /* Info.plist */ = {isa = PBXFileReference; lastKnownFileType = text.plist.xml; path = Info.plist; sourceTree = "<group>"; };
		BD75C2E4268B52AD00C4F233 /* MainStoryboard.storyboard */ = {isa = PBXFileReference; lastKnownFileType = file.storyboard; path = MainStoryboard.storyboard; sourceTree = "<group>"; };
		BD75C2E6268B52BD00C4F233 /* MainViewController.swift */ = {isa = PBXFileReference; lastKnownFileType = sourcecode.swift; path = MainViewController.swift; sourceTree = "<group>"; };
		BD75C2E8268B575E00C4F233 /* Device.swift */ = {isa = PBXFileReference; lastKnownFileType = sourcecode.swift; path = Device.swift; sourceTree = "<group>"; };
		BD75C2EB268B57E700C4F233 /* CellEmpty.swift */ = {isa = PBXFileReference; lastKnownFileType = sourcecode.swift; path = CellEmpty.swift; sourceTree = "<group>"; };
		BD75C2EE268B580900C4F233 /* ServiceEmpty.swift */ = {isa = PBXFileReference; lastKnownFileType = sourcecode.swift; path = ServiceEmpty.swift; sourceTree = "<group>"; };
		BD75C2F1268B582A00C4F233 /* ModelEmpty.swift */ = {isa = PBXFileReference; lastKnownFileType = sourcecode.swift; path = ModelEmpty.swift; sourceTree = "<group>"; };
		BD75C2F5268B58AD00C4F233 /* ViewEmpty.swift */ = {isa = PBXFileReference; lastKnownFileType = sourcecode.swift; path = ViewEmpty.swift; sourceTree = "<group>"; };
		BD75C2F7268B58B500C4F233 /* ProtocolEmpty.swift */ = {isa = PBXFileReference; lastKnownFileType = sourcecode.swift; path = ProtocolEmpty.swift; sourceTree = "<group>"; };
		BD75C2F9268B58E000C4F233 /* APIConstants.swift */ = {isa = PBXFileReference; lastKnownFileType = sourcecode.swift; path = APIConstants.swift; sourceTree = "<group>"; };
		BD75C2FF268B5BA800C4F233 /* UIFont+Extension.swift */ = {isa = PBXFileReference; lastKnownFileType = sourcecode.swift; path = "UIFont+Extension.swift"; sourceTree = "<group>"; };
		BD75C301268B5BDF00C4F233 /* FontEmpty.swift */ = {isa = PBXFileReference; lastKnownFileType = sourcecode.swift; path = FontEmpty.swift; sourceTree = "<group>"; };
		BD75C303268B5C7300C4F233 /* UIView+Extension.swift */ = {isa = PBXFileReference; lastKnownFileType = sourcecode.swift; path = "UIView+Extension.swift"; sourceTree = "<group>"; };
		BDF1C119268E287900C82CF6 /* Colors.xcassets */ = {isa = PBXFileReference; lastKnownFileType = folder.assetcatalog; path = Colors.xcassets; sourceTree = "<group>"; };
		BDF1C11E268E318C00C82CF6 /* ColorConstants.swift */ = {isa = PBXFileReference; fileEncoding = 4; lastKnownFileType = sourcecode.swift; path = ColorConstants.swift; sourceTree = "<group>"; };
/* End PBXFileReference section */

/* Begin PBXFrameworksBuildPhase section */
		BD75C2C1268B4B3800C4F233 /* Frameworks */ = {
			isa = PBXFrameworksBuildPhase;
			buildActionMask = 2147483647;
			files = (
				0BBB0E3F1275A841053DEF43 /* Pods_DooRiBon.framework in Frameworks */,
			);
			runOnlyForDeploymentPostprocessing = 0;
		};
/* End PBXFrameworksBuildPhase section */

/* Begin PBXGroup section */
		0A1BD3B8268E192400702EC5 /* Common */ = {
			isa = PBXGroup;
			children = (
				0A88A00E269493C800A4EBD0 /* Popup */,
				0A1BD3BD268E1C7000702EC5 /* PagerTab */,
			);
			path = Common;
			sourceTree = "<group>";
		};
		0A1BD3BD268E1C7000702EC5 /* PagerTab */ = {
			isa = PBXGroup;
			children = (
				0A1BD3B9268E193E00702EC5 /* PagerTab.swift */,
				0A1BD3BE268E1E2900702EC5 /* Sample */,
			);
			path = PagerTab;
			sourceTree = "<group>";
		};
		0A1BD3BE268E1E2900702EC5 /* Sample */ = {
			isa = PBXGroup;
			children = (
				0A1BD3BB268E1C6C00702EC5 /* PagerTabSampleViewController.swift */,
				0A1BD3BF268E1E3D00702EC5 /* PagerTabSampleViewControllerStoryboard.storyboard */,
			);
			path = Sample;
			sourceTree = "<group>";
		};
		0A88A00E269493C800A4EBD0 /* Popup */ = {
			isa = PBXGroup;
			children = (
				0A88A00F269493E000A4EBD0 /* PopupView.swift */,
				0A88A0112694941E00A4EBD0 /* PopupView.xib */,
			);
			path = Popup;
			sourceTree = "<group>";
		};
		15D308F1FE297543BA7FF80A /* Frameworks */ = {
			isa = PBXGroup;
			children = (
				4BD67503EA76B9E8E80971F1 /* Pods_DooRiBon.framework */,
			);
			name = Frameworks;
			sourceTree = "<group>";
		};
		408D1ADD26957D5100BBC454 /* Cell */ = {
			isa = PBXGroup;
			children = (
				408D1ADE26957D8F00BBC454 /* CalendarCell.swift */,
			);
			path = Cell;
			sourceTree = "<group>";
		};
		4091C6372692264F009EDB60 /* AddTripPlan */ = {
			isa = PBXGroup;
			children = (
				4091C6382692265E009EDB60 /* AddTripPlanStoryboard.storyboard */,
				4091C63A2692266A009EDB60 /* AddTripPlanViewController.swift */,
			);
			path = AddTripPlan;
			sourceTree = "<group>";
		};
		4095558A2695715200130ACB /* AddDate */ = {
			isa = PBXGroup;
			children = (
				408D1ADD26957D5100BBC454 /* Cell */,
				4095558B2695718D00130ACB /* AddDateStoryboard.storyboard */,
				4095558D2695719A00130ACB /* AddDateViewController.swift */,
			);
			path = AddDate;
			sourceTree = "<group>";
		};
		40AE7825268F7F680058806B /* Cells */ = {
			isa = PBXGroup;
			children = (
				40AE7828268F7FED0058806B /* PhotoCollectionViewCell.swift */,
				40AE7829268F7FED0058806B /* PhotoCollectionViewCell.xib */,
			);
			path = Cells;
			sourceTree = "<group>";
		};
		40AE782C268F81B90058806B /* Models */ = {
			isa = PBXGroup;
			children = (
				40AE782D268F81E20058806B /* PhotoCollectionViewModel.swift */,
			);
			path = Models;
			sourceTree = "<group>";
		};
		40B5A08C268EE1ED00A89875 /* AddTrip */ = {
			isa = PBXGroup;
			children = (
				4095558A2695715200130ACB /* AddDate */,
				40AE782C268F81B90058806B /* Models */,
				40AE7825268F7F680058806B /* Cells */,
				40B5A08F268EE2E500A89875 /* AddTripStoryboard.storyboard */,
				40B5A091268EE35100A89875 /* AddTripViewController.swift */,
			);
			path = AddTrip;
			sourceTree = "<group>";
		};
		BD0AD610269362DB0033DAD8 /* Base */ = {
			isa = PBXGroup;
			children = (
				BD0AD60D269361D50033DAD8 /* TripStoryboard.storyboard */,
				BD0AD62526936A8A0033DAD8 /* TripViewController.swift */,
				BD0AD612269363150033DAD8 /* Member */,
				BD0AD614269363480033DAD8 /* Plan */,
				BD0AD611269363090033DAD8 /* Board */,
				BD0AD613269363220033DAD8 /* Store */,
			);
			path = Base;
			sourceTree = "<group>";
		};
		BD0AD611269363090033DAD8 /* Board */ = {
			isa = PBXGroup;
			children = (
				BD0AD619269363E30033DAD8 /* BoardStoryboard.storyboard */,
				BD0AD6212693653D0033DAD8 /* BoardViewController.swift */,
			);
			path = Board;
			sourceTree = "<group>";
		};
		BD0AD612269363150033DAD8 /* Member */ = {
			isa = PBXGroup;
			children = (
				BD0AD615269363D10033DAD8 /* MemberStoryboard.storyboard */,
			);
			path = Member;
			sourceTree = "<group>";
		};
		BD0AD613269363220033DAD8 /* Store */ = {
			isa = PBXGroup;
			children = (
				BD0AD61B269363ED0033DAD8 /* StoreStoryboard.storyboard */,
				BD0AD6232693655E0033DAD8 /* StoreViewController.swift */,
			);
			path = Store;
			sourceTree = "<group>";
		};
		BD0AD614269363480033DAD8 /* Plan */ = {
			isa = PBXGroup;
			children = (
				BD0AD617269363D90033DAD8 /* PlanStoryboard.storyboard */,
				BD0AD61F269365050033DAD8 /* PlanViewController.swift */,
				BD5CBC40269495DA00935E79 /* Cells */,
			);
			path = Plan;
			sourceTree = "<group>";
		};
		BD55F43D26919BF8004E7114 /* JoinTrip */ = {
			isa = PBXGroup;
			children = (
				BD55F43E26919C17004E7114 /* JoinTripStoryboard.storyboard */,
				BD55F44026919C2B004E7114 /* JoinTripViewController.swift */,
				BD4EF4902691CB8300A6362D /* CodeTextField.swift */,
			);
			path = JoinTrip;
			sourceTree = "<group>";
		};
		BD5CBC40269495DA00935E79 /* Cells */ = {
			isa = PBXGroup;
			children = (
				BD5CBC422694961C00935E79 /* DateCollectionViewCell.xib */,
				BD5CBC412694961C00935E79 /* DateCollectionViewCell.swift */,
			);
			path = Cells;
			sourceTree = "<group>";
		};
		BD75C2BB268B4B3700C4F233 = {
			isa = PBXGroup;
			children = (
				BD75C2C6268B4B3800C4F233 /* DooRiBon */,
				BD75C2C5268B4B3800C4F233 /* Products */,
				DD665D5B38E29E0B2DEF1B9E /* Pods */,
				15D308F1FE297543BA7FF80A /* Frameworks */,
			);
			sourceTree = "<group>";
		};
		BD75C2C5268B4B3800C4F233 /* Products */ = {
			isa = PBXGroup;
			children = (
				BD75C2C4268B4B3800C4F233 /* DooRiBon.app */,
			);
			name = Products;
			sourceTree = "<group>";
		};
		BD75C2C6268B4B3800C4F233 /* DooRiBon */ = {
			isa = PBXGroup;
			children = (
				BD75C2E2268B518600C4F233 /* Application */,
				BD75C2DB268B4DEE00C4F233 /* Resources */,
				BD75C2DC268B4DFD00C4F233 /* Sources */,
			);
			path = DooRiBon;
			sourceTree = "<group>";
		};
		BD75C2DB268B4DEE00C4F233 /* Resources */ = {
			isa = PBXGroup;
			children = (
				BD75C2D0268B4B3900C4F233 /* Assets.xcassets */,
				BDF1C119268E287900C82CF6 /* Colors.xcassets */,
				BD75C2DD268B4E4800C4F233 /* Constants */,
				BD75C2E1268B510D00C4F233 /* Font */,
				BD75C2E0268B501400C4F233 /* Extensions */,
				BD75C2DF268B4E7200C4F233 /* CommonClass */,
			);
			path = Resources;
			sourceTree = "<group>";
		};
		BD75C2DC268B4DFD00C4F233 /* Sources */ = {
			isa = PBXGroup;
			children = (
				BD0AD610269362DB0033DAD8 /* Base */,
				BD55F43D26919BF8004E7114 /* JoinTrip */,
				4091C6372692264F009EDB60 /* AddTripPlan */,
				BD75C2E3268B522000C4F233 /* Main */,
				0A1BD3B8268E192400702EC5 /* Common */,
			);
			path = Sources;
			sourceTree = "<group>";
		};
		BD75C2DD268B4E4800C4F233 /* Constants */ = {
			isa = PBXGroup;
			children = (
				BD75C2F9268B58E000C4F233 /* APIConstants.swift */,
				BDF1C11E268E318C00C82CF6 /* ColorConstants.swift */,
			);
			path = Constants;
			sourceTree = "<group>";
		};
		BD75C2DF268B4E7200C4F233 /* CommonClass */ = {
			isa = PBXGroup;
			children = (
				BD75C2E8268B575E00C4F233 /* Device.swift */,
			);
			path = CommonClass;
			sourceTree = "<group>";
		};
		BD75C2E0268B501400C4F233 /* Extensions */ = {
			isa = PBXGroup;
			children = (
				BD75C2FF268B5BA800C4F233 /* UIFont+Extension.swift */,
				BD75C303268B5C7300C4F233 /* UIView+Extension.swift */,
				39865B35268F7DF700961BF4 /* CALayer+Extension.swift */,
				0A88A0132694A61800A4EBD0 /* UIApplication+Extension.swift */,
			);
			path = Extensions;
			sourceTree = "<group>";
		};
		BD75C2E1268B510D00C4F233 /* Font */ = {
			isa = PBXGroup;
			children = (
				BD39D4FA268DE80D004714B6 /* SpoqaHanSansNeo-Bold.ttf */,
				BD39D4FB268DE80D004714B6 /* SpoqaHanSansNeo-Light.ttf */,
				BD39D4F8268DE80D004714B6 /* SpoqaHanSansNeo-Medium.ttf */,
				BD39D4F7268DE80D004714B6 /* SpoqaHanSansNeo-Regular.ttf */,
				BD39D4F9268DE80D004714B6 /* SpoqaHanSansNeo-Thin.ttf */,
				BD75C301268B5BDF00C4F233 /* FontEmpty.swift */,
			);
			path = Font;
			sourceTree = "<group>";
		};
		BD75C2E2268B518600C4F233 /* Application */ = {
			isa = PBXGroup;
			children = (
				BD75C2C7268B4B3800C4F233 /* AppDelegate.swift */,
				BD75C2C9268B4B3800C4F233 /* SceneDelegate.swift */,
				BD75C2D5268B4B3900C4F233 /* Info.plist */,
				BD75C2D2268B4B3900C4F233 /* LaunchScreen.storyboard */,
			);
			path = Application;
			sourceTree = "<group>";
		};
		BD75C2E3268B522000C4F233 /* Main */ = {
			isa = PBXGroup;
			children = (
				40B5A08C268EE1ED00A89875 /* AddTrip */,
				BD75C2E4268B52AD00C4F233 /* MainStoryboard.storyboard */,
				BD75C2E6268B52BD00C4F233 /* MainViewController.swift */,
				BD75C2F0268B581100C4F233 /* Models */,
				BD75C2ED268B57F400C4F233 /* Services */,
				BD75C2EA268B578700C4F233 /* Cells */,
				BD75C2F3268B588A00C4F233 /* Views */,
				BD75C2F4268B589B00C4F233 /* Protocols */,
			);
			path = Main;
			sourceTree = "<group>";
		};
		BD75C2EA268B578700C4F233 /* Cells */ = {
			isa = PBXGroup;
			children = (
				BD75C2EB268B57E700C4F233 /* CellEmpty.swift */,
			);
			path = Cells;
			sourceTree = "<group>";
		};
		BD75C2ED268B57F400C4F233 /* Services */ = {
			isa = PBXGroup;
			children = (
				BD75C2EE268B580900C4F233 /* ServiceEmpty.swift */,
			);
			path = Services;
			sourceTree = "<group>";
		};
		BD75C2F0268B581100C4F233 /* Models */ = {
			isa = PBXGroup;
			children = (
				BD75C2F1268B582A00C4F233 /* ModelEmpty.swift */,
			);
			path = Models;
			sourceTree = "<group>";
		};
		BD75C2F3268B588A00C4F233 /* Views */ = {
			isa = PBXGroup;
			children = (
				BD75C2F5268B58AD00C4F233 /* ViewEmpty.swift */,
			);
			path = Views;
			sourceTree = "<group>";
		};
		BD75C2F4268B589B00C4F233 /* Protocols */ = {
			isa = PBXGroup;
			children = (
				BD75C2F7268B58B500C4F233 /* ProtocolEmpty.swift */,
			);
			path = Protocols;
			sourceTree = "<group>";
		};
		DD665D5B38E29E0B2DEF1B9E /* Pods */ = {
			isa = PBXGroup;
			children = (
				37539EC5FA070D675C5829FF /* Pods-DooRiBon.debug.xcconfig */,
				865B67CA1EA48E50F6BF455F /* Pods-DooRiBon.release.xcconfig */,
			);
			path = Pods;
			sourceTree = "<group>";
		};
/* End PBXGroup section */

/* Begin PBXNativeTarget section */
		BD75C2C3268B4B3800C4F233 /* DooRiBon */ = {
			isa = PBXNativeTarget;
			buildConfigurationList = BD75C2D8268B4B3900C4F233 /* Build configuration list for PBXNativeTarget "DooRiBon" */;
			buildPhases = (
				48367F795EBC3A93BC6C2D09 /* [CP] Check Pods Manifest.lock */,
				BD75C2C0268B4B3800C4F233 /* Sources */,
				BD75C2C1268B4B3800C4F233 /* Frameworks */,
				BD75C2C2268B4B3800C4F233 /* Resources */,
				CBD8F135C30B85A02DE4519B /* [CP] Embed Pods Frameworks */,
			);
			buildRules = (
			);
			dependencies = (
			);
			name = DooRiBon;
			productName = DooRiBon;
			productReference = BD75C2C4268B4B3800C4F233 /* DooRiBon.app */;
			productType = "com.apple.product-type.application";
		};
/* End PBXNativeTarget section */

/* Begin PBXProject section */
		BD75C2BC268B4B3700C4F233 /* Project object */ = {
			isa = PBXProject;
			attributes = {
				LastSwiftUpdateCheck = 1250;
				LastUpgradeCheck = 1250;
				TargetAttributes = {
					BD75C2C3268B4B3800C4F233 = {
						CreatedOnToolsVersion = 12.5;
					};
				};
			};
			buildConfigurationList = BD75C2BF268B4B3700C4F233 /* Build configuration list for PBXProject "DooRiBon" */;
			compatibilityVersion = "Xcode 9.3";
			developmentRegion = en;
			hasScannedForEncodings = 0;
			knownRegions = (
				en,
				Base,
			);
			mainGroup = BD75C2BB268B4B3700C4F233;
			productRefGroup = BD75C2C5268B4B3800C4F233 /* Products */;
			projectDirPath = "";
			projectRoot = "";
			targets = (
				BD75C2C3268B4B3800C4F233 /* DooRiBon */,
			);
		};
/* End PBXProject section */

/* Begin PBXResourcesBuildPhase section */
		BD75C2C2268B4B3800C4F233 /* Resources */ = {
			isa = PBXResourcesBuildPhase;
			buildActionMask = 2147483647;
			files = (
				BDF1C11A268E287900C82CF6 /* Colors.xcassets in Resources */,
				BD0AD616269363D10033DAD8 /* MemberStoryboard.storyboard in Resources */,
				BD55F43F26919C17004E7114 /* JoinTripStoryboard.storyboard in Resources */,
				BD0AD60E269361D50033DAD8 /* TripStoryboard.storyboard in Resources */,
				BD0AD618269363D90033DAD8 /* PlanStoryboard.storyboard in Resources */,
				BD39D4FE268DE80D004714B6 /* SpoqaHanSansNeo-Thin.ttf in Resources */,
				40B5A090268EE2E500A89875 /* AddTripStoryboard.storyboard in Resources */,
				0A88A0122694941F00A4EBD0 /* PopupView.xib in Resources */,
				BD0AD61C269363ED0033DAD8 /* StoreStoryboard.storyboard in Resources */,
				BD39D4FC268DE80D004714B6 /* SpoqaHanSansNeo-Regular.ttf in Resources */,
				4095558C2695718D00130ACB /* AddDateStoryboard.storyboard in Resources */,
				BD75C2D4268B4B3900C4F233 /* LaunchScreen.storyboard in Resources */,
				BD75C2D1268B4B3900C4F233 /* Assets.xcassets in Resources */,
				BD39D500268DE80D004714B6 /* SpoqaHanSansNeo-Light.ttf in Resources */,
				0A1BD3C0268E1E3D00702EC5 /* PagerTabSampleViewControllerStoryboard.storyboard in Resources */,
				BD0AD61A269363E30033DAD8 /* BoardStoryboard.storyboard in Resources */,
				BD5CBC442694961C00935E79 /* DateCollectionViewCell.xib in Resources */,
				BD39D4FD268DE80D004714B6 /* SpoqaHanSansNeo-Medium.ttf in Resources */,
				40AE782B268F7FED0058806B /* PhotoCollectionViewCell.xib in Resources */,
				BD75C2E5268B52AD00C4F233 /* MainStoryboard.storyboard in Resources */,
				BD39D4FF268DE80D004714B6 /* SpoqaHanSansNeo-Bold.ttf in Resources */,
				4091C6392692265E009EDB60 /* AddTripPlanStoryboard.storyboard in Resources */,
			);
			runOnlyForDeploymentPostprocessing = 0;
		};
/* End PBXResourcesBuildPhase section */

/* Begin PBXShellScriptBuildPhase section */
		48367F795EBC3A93BC6C2D09 /* [CP] Check Pods Manifest.lock */ = {
			isa = PBXShellScriptBuildPhase;
			buildActionMask = 2147483647;
			files = (
			);
			inputFileListPaths = (
			);
			inputPaths = (
				"${PODS_PODFILE_DIR_PATH}/Podfile.lock",
				"${PODS_ROOT}/Manifest.lock",
			);
			name = "[CP] Check Pods Manifest.lock";
			outputFileListPaths = (
			);
			outputPaths = (
				"$(DERIVED_FILE_DIR)/Pods-DooRiBon-checkManifestLockResult.txt",
			);
			runOnlyForDeploymentPostprocessing = 0;
			shellPath = /bin/sh;
			shellScript = "diff \"${PODS_PODFILE_DIR_PATH}/Podfile.lock\" \"${PODS_ROOT}/Manifest.lock\" > /dev/null\nif [ $? != 0 ] ; then\n    # print error to STDERR\n    echo \"error: The sandbox is not in sync with the Podfile.lock. Run 'pod install' or update your CocoaPods installation.\" >&2\n    exit 1\nfi\n# This output is used by Xcode 'outputs' to avoid re-running this script phase.\necho \"SUCCESS\" > \"${SCRIPT_OUTPUT_FILE_0}\"\n";
			showEnvVarsInLog = 0;
		};
		CBD8F135C30B85A02DE4519B /* [CP] Embed Pods Frameworks */ = {
			isa = PBXShellScriptBuildPhase;
			buildActionMask = 2147483647;
			files = (
			);
			inputFileListPaths = (
				"${PODS_ROOT}/Target Support Files/Pods-DooRiBon/Pods-DooRiBon-frameworks-${CONFIGURATION}-input-files.xcfilelist",
			);
			name = "[CP] Embed Pods Frameworks";
			outputFileListPaths = (
				"${PODS_ROOT}/Target Support Files/Pods-DooRiBon/Pods-DooRiBon-frameworks-${CONFIGURATION}-output-files.xcfilelist",
			);
			runOnlyForDeploymentPostprocessing = 0;
			shellPath = /bin/sh;
			shellScript = "\"${PODS_ROOT}/Target Support Files/Pods-DooRiBon/Pods-DooRiBon-frameworks.sh\"\n";
			showEnvVarsInLog = 0;
		};
/* End PBXShellScriptBuildPhase section */

/* Begin PBXSourcesBuildPhase section */
		BD75C2C0268B4B3800C4F233 /* Sources */ = {
			isa = PBXSourcesBuildPhase;
			buildActionMask = 2147483647;
			files = (
				40B5A092268EE35100A89875 /* AddTripViewController.swift in Sources */,
				BD75C2C8268B4B3800C4F233 /* AppDelegate.swift in Sources */,
				BD0AD62626936A8A0033DAD8 /* TripViewController.swift in Sources */,
				BD75C2CA268B4B3800C4F233 /* SceneDelegate.swift in Sources */,
				BD0AD6222693653D0033DAD8 /* BoardViewController.swift in Sources */,
				408D1ADF26957D8F00BBC454 /* CalendarCell.swift in Sources */,
				BD75C2E7268B52BD00C4F233 /* MainViewController.swift in Sources */,
				BD0AD6242693655E0033DAD8 /* StoreViewController.swift in Sources */,
				4095558E2695719A00130ACB /* AddDateViewController.swift in Sources */,
				BD0AD620269365050033DAD8 /* PlanViewController.swift in Sources */,
				BD75C304268B5C7300C4F233 /* UIView+Extension.swift in Sources */,
				40AE782A268F7FED0058806B /* PhotoCollectionViewCell.swift in Sources */,
				0A1BD3BC268E1C6C00702EC5 /* PagerTabSampleViewController.swift in Sources */,
				BD75C2EF268B580900C4F233 /* ServiceEmpty.swift in Sources */,
				BD75C2F8268B58B500C4F233 /* ProtocolEmpty.swift in Sources */,
				BD75C2F6268B58AD00C4F233 /* ViewEmpty.swift in Sources */,
				BDF1C11F268E318C00C82CF6 /* ColorConstants.swift in Sources */,
				39865B36268F7DF700961BF4 /* CALayer+Extension.swift in Sources */,
				40AE782E268F81E20058806B /* PhotoCollectionViewModel.swift in Sources */,
				BD75C2FA268B58E000C4F233 /* APIConstants.swift in Sources */,
				BD55F44126919C2B004E7114 /* JoinTripViewController.swift in Sources */,
				4091C63B2692266A009EDB60 /* AddTripPlanViewController.swift in Sources */,
				BD5CBC432694961C00935E79 /* DateCollectionViewCell.swift in Sources */,
				BD75C2E9268B575E00C4F233 /* Device.swift in Sources */,
				0A88A010269493E000A4EBD0 /* PopupView.swift in Sources */,
				BD75C302268B5BDF00C4F233 /* FontEmpty.swift in Sources */,
				0A1BD3BA268E193E00702EC5 /* PagerTab.swift in Sources */,
				BD4EF4912691CB8300A6362D /* CodeTextField.swift in Sources */,
				BD75C300268B5BA800C4F233 /* UIFont+Extension.swift in Sources */,
				BD75C2F2268B582A00C4F233 /* ModelEmpty.swift in Sources */,
				0A88A0142694A61800A4EBD0 /* UIApplication+Extension.swift in Sources */,
				BD75C2EC268B57E700C4F233 /* CellEmpty.swift in Sources */,
			);
			runOnlyForDeploymentPostprocessing = 0;
		};
/* End PBXSourcesBuildPhase section */

/* Begin PBXVariantGroup section */
		BD75C2D2268B4B3900C4F233 /* LaunchScreen.storyboard */ = {
			isa = PBXVariantGroup;
			children = (
				BD75C2D3268B4B3900C4F233 /* Base */,
			);
			name = LaunchScreen.storyboard;
			sourceTree = "<group>";
		};
/* End PBXVariantGroup section */

/* Begin XCBuildConfiguration section */
		BD75C2D6268B4B3900C4F233 /* Debug */ = {
			isa = XCBuildConfiguration;
			buildSettings = {
				ALWAYS_SEARCH_USER_PATHS = NO;
				CLANG_ANALYZER_NONNULL = YES;
				CLANG_ANALYZER_NUMBER_OBJECT_CONVERSION = YES_AGGRESSIVE;
				CLANG_CXX_LANGUAGE_STANDARD = "gnu++14";
				CLANG_CXX_LIBRARY = "libc++";
				CLANG_ENABLE_MODULES = YES;
				CLANG_ENABLE_OBJC_ARC = YES;
				CLANG_ENABLE_OBJC_WEAK = YES;
				CLANG_WARN_BLOCK_CAPTURE_AUTORELEASING = YES;
				CLANG_WARN_BOOL_CONVERSION = YES;
				CLANG_WARN_COMMA = YES;
				CLANG_WARN_CONSTANT_CONVERSION = YES;
				CLANG_WARN_DEPRECATED_OBJC_IMPLEMENTATIONS = YES;
				CLANG_WARN_DIRECT_OBJC_ISA_USAGE = YES_ERROR;
				CLANG_WARN_DOCUMENTATION_COMMENTS = YES;
				CLANG_WARN_EMPTY_BODY = YES;
				CLANG_WARN_ENUM_CONVERSION = YES;
				CLANG_WARN_INFINITE_RECURSION = YES;
				CLANG_WARN_INT_CONVERSION = YES;
				CLANG_WARN_NON_LITERAL_NULL_CONVERSION = YES;
				CLANG_WARN_OBJC_IMPLICIT_RETAIN_SELF = YES;
				CLANG_WARN_OBJC_LITERAL_CONVERSION = YES;
				CLANG_WARN_OBJC_ROOT_CLASS = YES_ERROR;
				CLANG_WARN_QUOTED_INCLUDE_IN_FRAMEWORK_HEADER = YES;
				CLANG_WARN_RANGE_LOOP_ANALYSIS = YES;
				CLANG_WARN_STRICT_PROTOTYPES = YES;
				CLANG_WARN_SUSPICIOUS_MOVE = YES;
				CLANG_WARN_UNGUARDED_AVAILABILITY = YES_AGGRESSIVE;
				CLANG_WARN_UNREACHABLE_CODE = YES;
				CLANG_WARN__DUPLICATE_METHOD_MATCH = YES;
				COPY_PHASE_STRIP = NO;
				DEBUG_INFORMATION_FORMAT = dwarf;
				ENABLE_STRICT_OBJC_MSGSEND = YES;
				ENABLE_TESTABILITY = YES;
				GCC_C_LANGUAGE_STANDARD = gnu11;
				GCC_DYNAMIC_NO_PIC = NO;
				GCC_NO_COMMON_BLOCKS = YES;
				GCC_OPTIMIZATION_LEVEL = 0;
				GCC_PREPROCESSOR_DEFINITIONS = (
					"DEBUG=1",
					"$(inherited)",
				);
				GCC_WARN_64_TO_32_BIT_CONVERSION = YES;
				GCC_WARN_ABOUT_RETURN_TYPE = YES_ERROR;
				GCC_WARN_UNDECLARED_SELECTOR = YES;
				GCC_WARN_UNINITIALIZED_AUTOS = YES_AGGRESSIVE;
				GCC_WARN_UNUSED_FUNCTION = YES;
				GCC_WARN_UNUSED_VARIABLE = YES;
				IPHONEOS_DEPLOYMENT_TARGET = 13.0;
				MTL_ENABLE_DEBUG_INFO = INCLUDE_SOURCE;
				MTL_FAST_MATH = YES;
				ONLY_ACTIVE_ARCH = YES;
				SDKROOT = iphoneos;
				SWIFT_ACTIVE_COMPILATION_CONDITIONS = DEBUG;
				SWIFT_OPTIMIZATION_LEVEL = "-Onone";
			};
			name = Debug;
		};
		BD75C2D7268B4B3900C4F233 /* Release */ = {
			isa = XCBuildConfiguration;
			buildSettings = {
				ALWAYS_SEARCH_USER_PATHS = NO;
				CLANG_ANALYZER_NONNULL = YES;
				CLANG_ANALYZER_NUMBER_OBJECT_CONVERSION = YES_AGGRESSIVE;
				CLANG_CXX_LANGUAGE_STANDARD = "gnu++14";
				CLANG_CXX_LIBRARY = "libc++";
				CLANG_ENABLE_MODULES = YES;
				CLANG_ENABLE_OBJC_ARC = YES;
				CLANG_ENABLE_OBJC_WEAK = YES;
				CLANG_WARN_BLOCK_CAPTURE_AUTORELEASING = YES;
				CLANG_WARN_BOOL_CONVERSION = YES;
				CLANG_WARN_COMMA = YES;
				CLANG_WARN_CONSTANT_CONVERSION = YES;
				CLANG_WARN_DEPRECATED_OBJC_IMPLEMENTATIONS = YES;
				CLANG_WARN_DIRECT_OBJC_ISA_USAGE = YES_ERROR;
				CLANG_WARN_DOCUMENTATION_COMMENTS = YES;
				CLANG_WARN_EMPTY_BODY = YES;
				CLANG_WARN_ENUM_CONVERSION = YES;
				CLANG_WARN_INFINITE_RECURSION = YES;
				CLANG_WARN_INT_CONVERSION = YES;
				CLANG_WARN_NON_LITERAL_NULL_CONVERSION = YES;
				CLANG_WARN_OBJC_IMPLICIT_RETAIN_SELF = YES;
				CLANG_WARN_OBJC_LITERAL_CONVERSION = YES;
				CLANG_WARN_OBJC_ROOT_CLASS = YES_ERROR;
				CLANG_WARN_QUOTED_INCLUDE_IN_FRAMEWORK_HEADER = YES;
				CLANG_WARN_RANGE_LOOP_ANALYSIS = YES;
				CLANG_WARN_STRICT_PROTOTYPES = YES;
				CLANG_WARN_SUSPICIOUS_MOVE = YES;
				CLANG_WARN_UNGUARDED_AVAILABILITY = YES_AGGRESSIVE;
				CLANG_WARN_UNREACHABLE_CODE = YES;
				CLANG_WARN__DUPLICATE_METHOD_MATCH = YES;
				COPY_PHASE_STRIP = NO;
				DEBUG_INFORMATION_FORMAT = "dwarf-with-dsym";
				ENABLE_NS_ASSERTIONS = NO;
				ENABLE_STRICT_OBJC_MSGSEND = YES;
				GCC_C_LANGUAGE_STANDARD = gnu11;
				GCC_NO_COMMON_BLOCKS = YES;
				GCC_WARN_64_TO_32_BIT_CONVERSION = YES;
				GCC_WARN_ABOUT_RETURN_TYPE = YES_ERROR;
				GCC_WARN_UNDECLARED_SELECTOR = YES;
				GCC_WARN_UNINITIALIZED_AUTOS = YES_AGGRESSIVE;
				GCC_WARN_UNUSED_FUNCTION = YES;
				GCC_WARN_UNUSED_VARIABLE = YES;
				IPHONEOS_DEPLOYMENT_TARGET = 13.0;
				MTL_ENABLE_DEBUG_INFO = NO;
				MTL_FAST_MATH = YES;
				SDKROOT = iphoneos;
				SWIFT_COMPILATION_MODE = wholemodule;
				SWIFT_OPTIMIZATION_LEVEL = "-O";
				VALIDATE_PRODUCT = YES;
			};
			name = Release;
		};
		BD75C2D9268B4B3900C4F233 /* Debug */ = {
			isa = XCBuildConfiguration;
			baseConfigurationReference = 37539EC5FA070D675C5829FF /* Pods-DooRiBon.debug.xcconfig */;
			buildSettings = {
				ASSETCATALOG_COMPILER_APPICON_NAME = AppIcon;
				ASSETCATALOG_COMPILER_GLOBAL_ACCENT_COLOR_NAME = AccentColor;
				CODE_SIGN_STYLE = Automatic;
				DEVELOPMENT_TEAM = W895YM7ZMH;
				INFOPLIST_FILE = DooRiBon/Application/Info.plist;
				LD_RUNPATH_SEARCH_PATHS = (
					"$(inherited)",
					"@executable_path/Frameworks",
				);
				PRODUCT_BUNDLE_IDENTIFIER = com.dooribon.DooRiBon;
				PRODUCT_NAME = "$(TARGET_NAME)";
				SWIFT_VERSION = 5.0;
				TARGETED_DEVICE_FAMILY = "1,2";
			};
			name = Debug;
		};
		BD75C2DA268B4B3900C4F233 /* Release */ = {
			isa = XCBuildConfiguration;
			baseConfigurationReference = 865B67CA1EA48E50F6BF455F /* Pods-DooRiBon.release.xcconfig */;
			buildSettings = {
				ASSETCATALOG_COMPILER_APPICON_NAME = AppIcon;
				ASSETCATALOG_COMPILER_GLOBAL_ACCENT_COLOR_NAME = AccentColor;
				CODE_SIGN_STYLE = Automatic;
				DEVELOPMENT_TEAM = W895YM7ZMH;
				INFOPLIST_FILE = DooRiBon/Application/Info.plist;
				LD_RUNPATH_SEARCH_PATHS = (
					"$(inherited)",
					"@executable_path/Frameworks",
				);
				PRODUCT_BUNDLE_IDENTIFIER = com.dooribon.DooRiBon;
				PRODUCT_NAME = "$(TARGET_NAME)";
				SWIFT_VERSION = 5.0;
				TARGETED_DEVICE_FAMILY = "1,2";
			};
			name = Release;
		};
/* End XCBuildConfiguration section */

/* Begin XCConfigurationList section */
		BD75C2BF268B4B3700C4F233 /* Build configuration list for PBXProject "DooRiBon" */ = {
			isa = XCConfigurationList;
			buildConfigurations = (
				BD75C2D6268B4B3900C4F233 /* Debug */,
				BD75C2D7268B4B3900C4F233 /* Release */,
			);
			defaultConfigurationIsVisible = 0;
			defaultConfigurationName = Release;
		};
		BD75C2D8268B4B3900C4F233 /* Build configuration list for PBXNativeTarget "DooRiBon" */ = {
			isa = XCConfigurationList;
			buildConfigurations = (
				BD75C2D9268B4B3900C4F233 /* Debug */,
				BD75C2DA268B4B3900C4F233 /* Release */,
			);
			defaultConfigurationIsVisible = 0;
			defaultConfigurationName = Release;
		};
/* End XCConfigurationList section */
	};
	rootObject = BD75C2BC268B4B3700C4F233 /* Project object */;
}
