PODS:
  - Alamofire (5.4.1)
  - FSCalendar (2.8.3)
  - Kingfisher (6.1.0)
  - lottie-ios (3.2.0)
  - SkeletonView (1.21.1)
  - SnapKit (5.0.1)

DEPENDENCIES:
  - Alamofire (~> 5.4)
  - FSCalendar (from `https://github.com/hyejinL/FSCalendar.git`, branch `dooribun`)
  - Kingfisher (~> 6.0)
  - lottie-ios
  - SkeletonView
  - SnapKit (~> 5.0.0)

SPEC REPOS:
  trunk:
    - Alamofire
    - Kingfisher
    - lottie-ios
    - SkeletonView
    - SnapKit

EXTERNAL SOURCES:
  FSCalendar:
    :branch: dooribun
    :git: https://github.com/hyejinL/FSCalendar.git

CHECKOUT OPTIONS:
  FSCalendar:
    :commit: 09cdece9e5edbe4789d18f3f6a91e0bc2e37d0ca
    :git: https://github.com/hyejinL/FSCalendar.git

SPEC CHECKSUMS:
  Alamofire: 2291f7d21ca607c491dd17642e5d40fdcda0e65c
  FSCalendar: ed63fee7df375e34340c1236308fdbfc568d26ac
  Kingfisher: f5d8d60a0ef3edd642fd781bae60918599901aff
  lottie-ios: b6b911246246a90a1d25e7388afe6d9ef003d293
  SkeletonView: 5b79eb6e09d2a7f3d2e620d34ff97510a1c763e9
  SnapKit: 97b92857e3df3a0c71833cce143274bf6ef8e5eb

PODFILE CHECKSUM: 91b9fe361384338c0b3bc166b8cc09b9f88e5abf

COCOAPODS: 1.10.1
